// !$*UTF8*$!
{
	archiveVersion = 1;
	classes = {
	};
	objectVersion = 46;
	objects = {

/* Begin PBXBuildFile section */
		840245E71925D44E00005255 /* tableUserViewController.m in Sources */ = {isa = PBXBuildFile; fileRef = 840245E51925BC0700005255 /* tableUserViewController.m */; };
		840246301925FC1900005255 /* QuartzCore.framework in Frameworks */ = {isa = PBXBuildFile; fileRef = 8402462F1925FC1900005255 /* QuartzCore.framework */; };
		840246321925FDE100005255 /* bg_login.png in Resources */ = {isa = PBXBuildFile; fileRef = 840246311925FDE100005255 /* bg_login.png */; };
		8402463C1926033000005255 /* CoreImage.framework in Frameworks */ = {isa = PBXBuildFile; fileRef = 8402463B1926033000005255 /* CoreImage.framework */; };
		8402463E1926085F00005255 /* user.png in Resources */ = {isa = PBXBuildFile; fileRef = 8402463D1926085F00005255 /* user.png */; };
		840246441926226700005255 /* MapKit.framework in Frameworks */ = {isa = PBXBuildFile; fileRef = 840246431926226700005255 /* MapKit.framework */; };
		849B5DA2192F2D06000EEB0B /* btn_number.png in Resources */ = {isa = PBXBuildFile; fileRef = 849B5DA1192F2D06000EEB0B /* btn_number.png */; };
		849B5DA4192F352F000EEB0B /* pass_un.png in Resources */ = {isa = PBXBuildFile; fileRef = 849B5DA3192F352F000EEB0B /* pass_un.png */; };
		849B5DA6192F35F6000EEB0B /* pass_fill.png in Resources */ = {isa = PBXBuildFile; fileRef = 849B5DA5192F35F6000EEB0B /* pass_fill.png */; };
		849B5DA8192F35FB000EEB0B /* pass_wrong.png in Resources */ = {isa = PBXBuildFile; fileRef = 849B5DA7192F35FB000EEB0B /* pass_wrong.png */; };
		849BCA631932DE9200B3108E /* mapViewController.m in Sources */ = {isa = PBXBuildFile; fileRef = 849BCA621932DE9200B3108E /* mapViewController.m */; };
		84A6079D19249B2500EA39DD /* Foundation.framework in Frameworks */ = {isa = PBXBuildFile; fileRef = 84A6079C19249B2500EA39DD /* Foundation.framework */; };
		84A6079F19249B2500EA39DD /* CoreGraphics.framework in Frameworks */ = {isa = PBXBuildFile; fileRef = 84A6079E19249B2500EA39DD /* CoreGraphics.framework */; };
		84A607A119249B2500EA39DD /* UIKit.framework in Frameworks */ = {isa = PBXBuildFile; fileRef = 84A607A019249B2500EA39DD /* UIKit.framework */; };
		84A607A719249B2500EA39DD /* InfoPlist.strings in Resources */ = {isa = PBXBuildFile; fileRef = 84A607A519249B2500EA39DD /* InfoPlist.strings */; };
		84A607A919249B2500EA39DD /* main.m in Sources */ = {isa = PBXBuildFile; fileRef = 84A607A819249B2500EA39DD /* main.m */; };
		84A607AD19249B2500EA39DD /* AppDelegate.m in Sources */ = {isa = PBXBuildFile; fileRef = 84A607AC19249B2500EA39DD /* AppDelegate.m */; };
		84A607B019249B2500EA39DD /* Main.storyboard in Resources */ = {isa = PBXBuildFile; fileRef = 84A607AE19249B2500EA39DD /* Main.storyboard */; };
		84A607B319249B2500EA39DD /* ViewController.m in Sources */ = {isa = PBXBuildFile; fileRef = 84A607B219249B2500EA39DD /* ViewController.m */; };
		84A607B519249B2500EA39DD /* Images.xcassets in Resources */ = {isa = PBXBuildFile; fileRef = 84A607B419249B2500EA39DD /* Images.xcassets */; };
		84A607BD19249B2500EA39DD /* Foundation.framework in Frameworks */ = {isa = PBXBuildFile; fileRef = 84A6079C19249B2500EA39DD /* Foundation.framework */; };
		84A607BE19249B2500EA39DD /* UIKit.framework in Frameworks */ = {isa = PBXBuildFile; fileRef = 84A607A019249B2500EA39DD /* UIKit.framework */; };
		84A607D21924A29E00EA39DD /* Gear.png in Resources */ = {isa = PBXBuildFile; fileRef = 84A607D11924A29E00EA39DD /* Gear.png */; };
		84A607D41924AC8F00EA39DD /* bg_loading.png in Resources */ = {isa = PBXBuildFile; fileRef = 84A607D31924AC8F00EA39DD /* bg_loading.png */; };
		84A607DA1924B5AB00EA39DD /* btn_number_hl.png in Resources */ = {isa = PBXBuildFile; fileRef = 84A607D91924B5AB00EA39DD /* btn_number_hl.png */; };
		84CCB467192DB85E00041BA8 /* HomeViewController.m in Sources */ = {isa = PBXBuildFile; fileRef = 84CCB466192DB85E00041BA8 /* HomeViewController.m */; };
/* End PBXBuildFile section */

/* Begin PBXContainerItemProxy section */
		84A607BF19249B2500EA39DD /* PBXContainerItemProxy */ = {
			isa = PBXContainerItemProxy;
			containerPortal = 84A6079119249B2500EA39DD /* Project object */;
			proxyType = 1;
			remoteGlobalIDString = 84A6079819249B2500EA39DD;
			remoteInfo = csi_las2;
		};
/* End PBXContainerItemProxy section */

/* Begin PBXFileReference section */
		840245E41925BC0700005255 /* tableUserViewController.h */ = {isa = PBXFileReference; fileEncoding = 4; lastKnownFileType = sourcecode.c.h; path = tableUserViewController.h; sourceTree = "<group>"; };
		840245E51925BC0700005255 /* tableUserViewController.m */ = {isa = PBXFileReference; fileEncoding = 4; lastKnownFileType = sourcecode.c.objc; path = tableUserViewController.m; sourceTree = "<group>"; };
		8402462F1925FC1900005255 /* QuartzCore.framework */ = {isa = PBXFileReference; lastKnownFileType = wrapper.framework; name = QuartzCore.framework; path = System/Library/Frameworks/QuartzCore.framework; sourceTree = SDKROOT; };
		840246311925FDE100005255 /* bg_login.png */ = {isa = PBXFileReference; lastKnownFileType = image.png; name = bg_login.png; path = ../../../../Content/csi_las1/bg_login.png; sourceTree = "<group>"; };
		8402463B1926033000005255 /* CoreImage.framework */ = {isa = PBXFileReference; lastKnownFileType = wrapper.framework; name = CoreImage.framework; path = System/Library/Frameworks/CoreImage.framework; sourceTree = SDKROOT; };
		8402463D1926085F00005255 /* user.png */ = {isa = PBXFileReference; lastKnownFileType = image.png; path = user.png; sourceTree = "<group>"; };
		840246431926226700005255 /* MapKit.framework */ = {isa = PBXFileReference; lastKnownFileType = wrapper.framework; name = MapKit.framework; path = System/Library/Frameworks/MapKit.framework; sourceTree = SDKROOT; };
		849B5DA1192F2D06000EEB0B /* btn_number.png */ = {isa = PBXFileReference; lastKnownFileType = image.png; path = btn_number.png; sourceTree = "<group>"; };
		849B5DA3192F352F000EEB0B /* pass_un.png */ = {isa = PBXFileReference; lastKnownFileType = image.png; path = pass_un.png; sourceTree = "<group>"; };
		849B5DA5192F35F6000EEB0B /* pass_fill.png */ = {isa = PBXFileReference; lastKnownFileType = image.png; path = pass_fill.png; sourceTree = "<group>"; };
		849B5DA7192F35FB000EEB0B /* pass_wrong.png */ = {isa = PBXFileReference; lastKnownFileType = image.png; path = pass_wrong.png; sourceTree = "<group>"; };
		849BCA611932DE9200B3108E /* mapViewController.h */ = {isa = PBXFileReference; fileEncoding = 4; lastKnownFileType = sourcecode.c.h; path = mapViewController.h; sourceTree = "<group>"; };
		849BCA621932DE9200B3108E /* mapViewController.m */ = {isa = PBXFileReference; fileEncoding = 4; lastKnownFileType = sourcecode.c.objc; path = mapViewController.m; sourceTree = "<group>"; };
		84A6079919249B2500EA39DD /* csi_las2.app */ = {isa = PBXFileReference; explicitFileType = wrapper.application; includeInIndex = 0; path = csi_las2.app; sourceTree = BUILT_PRODUCTS_DIR; };
		84A6079C19249B2500EA39DD /* Foundation.framework */ = {isa = PBXFileReference; lastKnownFileType = wrapper.framework; name = Foundation.framework; path = System/Library/Frameworks/Foundation.framework; sourceTree = SDKROOT; };
		84A6079E19249B2500EA39DD /* CoreGraphics.framework */ = {isa = PBXFileReference; lastKnownFileType = wrapper.framework; name = CoreGraphics.framework; path = System/Library/Frameworks/CoreGraphics.framework; sourceTree = SDKROOT; };
		84A607A019249B2500EA39DD /* UIKit.framework */ = {isa = PBXFileReference; lastKnownFileType = wrapper.framework; name = UIKit.framework; path = System/Library/Frameworks/UIKit.framework; sourceTree = SDKROOT; };
		84A607A419249B2500EA39DD /* csi_las2-Info.plist */ = {isa = PBXFileReference; lastKnownFileType = text.plist.xml; path = "csi_las2-Info.plist"; sourceTree = "<group>"; };
		84A607A619249B2500EA39DD /* en */ = {isa = PBXFileReference; lastKnownFileType = text.plist.strings; name = en; path = en.lproj/InfoPlist.strings; sourceTree = "<group>"; };
		84A607A819249B2500EA39DD /* main.m */ = {isa = PBXFileReference; lastKnownFileType = sourcecode.c.objc; path = main.m; sourceTree = "<group>"; };
		84A607AA19249B2500EA39DD /* csi_las2-Prefix.pch */ = {isa = PBXFileReference; lastKnownFileType = sourcecode.c.h; path = "csi_las2-Prefix.pch"; sourceTree = "<group>"; };
		84A607AB19249B2500EA39DD /* AppDelegate.h */ = {isa = PBXFileReference; lastKnownFileType = sourcecode.c.h; path = AppDelegate.h; sourceTree = "<group>"; };
		84A607AC19249B2500EA39DD /* AppDelegate.m */ = {isa = PBXFileReference; lastKnownFileType = sourcecode.c.objc; path = AppDelegate.m; sourceTree = "<group>"; };
		84A607AF19249B2500EA39DD /* Base */ = {isa = PBXFileReference; lastKnownFileType = file.storyboard; name = Base; path = Base.lproj/Main.storyboard; sourceTree = "<group>"; };
		84A607B119249B2500EA39DD /* ViewController.h */ = {isa = PBXFileReference; lastKnownFileType = sourcecode.c.h; path = ViewController.h; sourceTree = "<group>"; };
		84A607B219249B2500EA39DD /* ViewController.m */ = {isa = PBXFileReference; lastKnownFileType = sourcecode.c.objc; path = ViewController.m; sourceTree = "<group>"; };
		84A607B419249B2500EA39DD /* Images.xcassets */ = {isa = PBXFileReference; lastKnownFileType = folder.assetcatalog; path = Images.xcassets; sourceTree = "<group>"; };
		84A607BA19249B2500EA39DD /* csi_las2Tests.xctest */ = {isa = PBXFileReference; explicitFileType = wrapper.cfbundle; includeInIndex = 0; path = csi_las2Tests.xctest; sourceTree = BUILT_PRODUCTS_DIR; };
		84A607D11924A29E00EA39DD /* Gear.png */ = {isa = PBXFileReference; lastKnownFileType = image.png; name = Gear.png; path = ../../xcoded/Gear.png; sourceTree = "<group>"; };
		84A607D31924AC8F00EA39DD /* bg_loading.png */ = {isa = PBXFileReference; lastKnownFileType = image.png; name = bg_loading.png; path = ../../../../Content/csi_las1/bg_loading.png; sourceTree = "<group>"; };
		84A607D91924B5AB00EA39DD /* btn_number_hl.png */ = {isa = PBXFileReference; lastKnownFileType = image.png; path = btn_number_hl.png; sourceTree = "<group>"; };
		84CCB465192DB85E00041BA8 /* HomeViewController.h */ = {isa = PBXFileReference; fileEncoding = 4; lastKnownFileType = sourcecode.c.h; path = HomeViewController.h; sourceTree = "<group>"; };
		84CCB466192DB85E00041BA8 /* HomeViewController.m */ = {isa = PBXFileReference; fileEncoding = 4; lastKnownFileType = sourcecode.c.objc; path = HomeViewController.m; sourceTree = "<group>"; };
/* End PBXFileReference section */

/* Begin PBXFrameworksBuildPhase section */
		84A6079619249B2500EA39DD /* Frameworks */ = {
			isa = PBXFrameworksBuildPhase;
			buildActionMask = 2147483647;
			files = (
				840246441926226700005255 /* MapKit.framework in Frameworks */,
				8402463C1926033000005255 /* CoreImage.framework in Frameworks */,
				840246301925FC1900005255 /* QuartzCore.framework in Frameworks */,
				84A6079F19249B2500EA39DD /* CoreGraphics.framework in Frameworks */,
				84A607A119249B2500EA39DD /* UIKit.framework in Frameworks */,
				84A6079D19249B2500EA39DD /* Foundation.framework in Frameworks */,
			);
			runOnlyForDeploymentPostprocessing = 0;
		};
		84A607B719249B2500EA39DD /* Frameworks */ = {
			isa = PBXFrameworksBuildPhase;
			buildActionMask = 2147483647;
			files = (
				84A607BE19249B2500EA39DD /* UIKit.framework in Frameworks */,
				84A607BD19249B2500EA39DD /* Foundation.framework in Frameworks */,
			);
			runOnlyForDeploymentPostprocessing = 0;
		};
/* End PBXFrameworksBuildPhase section */

/* Begin PBXGroup section */
		84A6079019249B2500EA39DD = {
			isa = PBXGroup;
			children = (
				84A607A219249B2500EA39DD /* csi_las2 */,
				84A6079B19249B2500EA39DD /* Frameworks */,
				84A6079A19249B2500EA39DD /* Products */,
				84A607D11924A29E00EA39DD /* Gear.png */,
				84A607D31924AC8F00EA39DD /* bg_loading.png */,
				84A607D91924B5AB00EA39DD /* btn_number_hl.png */,
				840246311925FDE100005255 /* bg_login.png */,
				8402463D1926085F00005255 /* user.png */,
				849B5DA1192F2D06000EEB0B /* btn_number.png */,
				849B5DA3192F352F000EEB0B /* pass_un.png */,
				849B5DA5192F35F6000EEB0B /* pass_fill.png */,
				849B5DA7192F35FB000EEB0B /* pass_wrong.png */,
			);
			sourceTree = "<group>";
		};
		84A6079A19249B2500EA39DD /* Products */ = {
			isa = PBXGroup;
			children = (
				84A6079919249B2500EA39DD /* csi_las2.app */,
				84A607BA19249B2500EA39DD /* csi_las2Tests.xctest */,
			);
			name = Products;
			sourceTree = "<group>";
		};
		84A6079B19249B2500EA39DD /* Frameworks */ = {
			isa = PBXGroup;
			children = (
				840246431926226700005255 /* MapKit.framework */,
				8402463B1926033000005255 /* CoreImage.framework */,
				8402462F1925FC1900005255 /* QuartzCore.framework */,
				84A6079C19249B2500EA39DD /* Foundation.framework */,
				84A6079E19249B2500EA39DD /* CoreGraphics.framework */,
				84A607A019249B2500EA39DD /* UIKit.framework */,
			);
			name = Frameworks;
			sourceTree = "<group>";
		};
		84A607A219249B2500EA39DD /* csi_las2 */ = {
			isa = PBXGroup;
			children = (
				84A607AB19249B2500EA39DD /* AppDelegate.h */,
				84A607AC19249B2500EA39DD /* AppDelegate.m */,
				84A607AE19249B2500EA39DD /* Main.storyboard */,
				849BCA611932DE9200B3108E /* mapViewController.h */,
				849BCA621932DE9200B3108E /* mapViewController.m */,
				84CCB465192DB85E00041BA8 /* HomeViewController.h */,
				84CCB466192DB85E00041BA8 /* HomeViewController.m */,
				840245E41925BC0700005255 /* tableUserViewController.h */,
				840245E51925BC0700005255 /* tableUserViewController.m */,
				84A607B119249B2500EA39DD /* ViewController.h */,
				84A607B219249B2500EA39DD /* ViewController.m */,
				84A607B419249B2500EA39DD /* Images.xcassets */,
				84A607A319249B2500EA39DD /* Supporting Files */,
			);
			path = csi_las2;
			sourceTree = "<group>";
		};
		84A607A319249B2500EA39DD /* Supporting Files */ = {
			isa = PBXGroup;
			children = (
				84A607A419249B2500EA39DD /* csi_las2-Info.plist */,
				84A607A519249B2500EA39DD /* InfoPlist.strings */,
				84A607A819249B2500EA39DD /* main.m */,
				84A607AA19249B2500EA39DD /* csi_las2-Prefix.pch */,
			);
			name = "Supporting Files";
			sourceTree = "<group>";
		};
/* End PBXGroup section */

/* Begin PBXNativeTarget section */
		84A6079819249B2500EA39DD /* csi_las2 */ = {
			isa = PBXNativeTarget;
			buildConfigurationList = 84A607CB19249B2500EA39DD /* Build configuration list for PBXNativeTarget "csi_las2" */;
			buildPhases = (
				84A6079519249B2500EA39DD /* Sources */,
				84A6079619249B2500EA39DD /* Frameworks */,
				84A6079719249B2500EA39DD /* Resources */,
			);
			buildRules = (
			);
			dependencies = (
			);
			name = csi_las2;
			productName = csi_las2;
			productReference = 84A6079919249B2500EA39DD /* csi_las2.app */;
			productType = "com.apple.product-type.application";
		};
		84A607B919249B2500EA39DD /* csi_las2Tests */ = {
			isa = PBXNativeTarget;
			buildConfigurationList = 84A607CE19249B2500EA39DD /* Build configuration list for PBXNativeTarget "csi_las2Tests" */;
			buildPhases = (
				84A607B619249B2500EA39DD /* Sources */,
				84A607B719249B2500EA39DD /* Frameworks */,
				84A607B819249B2500EA39DD /* Resources */,
			);
			buildRules = (
			);
			dependencies = (
				84A607C019249B2500EA39DD /* PBXTargetDependency */,
			);
			name = csi_las2Tests;
			productName = csi_las2Tests;
			productReference = 84A607BA19249B2500EA39DD /* csi_las2Tests.xctest */;
			productType = "com.apple.product-type.bundle.unit-test";
		};
/* End PBXNativeTarget section */

/* Begin PBXProject section */
		84A6079119249B2500EA39DD /* Project object */ = {
			isa = PBXProject;
			attributes = {
				LastUpgradeCheck = 0500;
				ORGANIZATIONNAME = Admin;
				TargetAttributes = {
					84A607B919249B2500EA39DD = {
						TestTargetID = 84A6079819249B2500EA39DD;
					};
				};
			};
			buildConfigurationList = 84A6079419249B2500EA39DD /* Build configuration list for PBXProject "csi_las2" */;
			compatibilityVersion = "Xcode 3.2";
			developmentRegion = English;
			hasScannedForEncodings = 0;
			knownRegions = (
				en,
				Base,
			);
			mainGroup = 84A6079019249B2500EA39DD;
			productRefGroup = 84A6079A19249B2500EA39DD /* Products */;
			projectDirPath = "";
			projectRoot = "";
			targets = (
				84A6079819249B2500EA39DD /* csi_las2 */,
				84A607B919249B2500EA39DD /* csi_las2Tests */,
			);
		};
/* End PBXProject section */

/* Begin PBXResourcesBuildPhase section */
		84A6079719249B2500EA39DD /* Resources */ = {
			isa = PBXResourcesBuildPhase;
			buildActionMask = 2147483647;
			files = (
				840246321925FDE100005255 /* bg_login.png in Resources */,
				84A607D41924AC8F00EA39DD /* bg_loading.png in Resources */,
				84A607B519249B2500EA39DD /* Images.xcassets in Resources */,
				84A607A719249B2500EA39DD /* InfoPlist.strings in Resources */,
				849B5DA8192F35FB000EEB0B /* pass_wrong.png in Resources */,
				849B5DA2192F2D06000EEB0B /* btn_number.png in Resources */,
				84A607D21924A29E00EA39DD /* Gear.png in Resources */,
				849B5DA6192F35F6000EEB0B /* pass_fill.png in Resources */,
				8402463E1926085F00005255 /* user.png in Resources */,
				84A607B019249B2500EA39DD /* Main.storyboard in Resources */,
				84A607DA1924B5AB00EA39DD /* btn_number_hl.png in Resources */,
				849B5DA4192F352F000EEB0B /* pass_un.png in Resources */,
			);
			runOnlyForDeploymentPostprocessing = 0;
		};
		84A607B819249B2500EA39DD /* Resources */ = {
			isa = PBXResourcesBuildPhase;
			buildActionMask = 2147483647;
			files = (
			);
			runOnlyForDeploymentPostprocessing = 0;
		};
/* End PBXResourcesBuildPhase section */

/* Begin PBXSourcesBuildPhase section */
		84A6079519249B2500EA39DD /* Sources */ = {
			isa = PBXSourcesBuildPhase;
			buildActionMask = 2147483647;
			files = (
				840245E71925D44E00005255 /* tableUserViewController.m in Sources */,
				849BCA631932DE9200B3108E /* mapViewController.m in Sources */,
				84A607B319249B2500EA39DD /* ViewController.m in Sources */,
				84A607AD19249B2500EA39DD /* AppDelegate.m in Sources */,
				84CCB467192DB85E00041BA8 /* HomeViewController.m in Sources */,
				84A607A919249B2500EA39DD /* main.m in Sources */,
			);
			runOnlyForDeploymentPostprocessing = 0;
		};
		84A607B619249B2500EA39DD /* Sources */ = {
			isa = PBXSourcesBuildPhase;
			buildActionMask = 2147483647;
			files = (
			);
			runOnlyForDeploymentPostprocessing = 0;
		};
/* End PBXSourcesBuildPhase section */

/* Begin PBXTargetDependency section */
		84A607C019249B2500EA39DD /* PBXTargetDependency */ = {
			isa = PBXTargetDependency;
			target = 84A6079819249B2500EA39DD /* csi_las2 */;
			targetProxy = 84A607BF19249B2500EA39DD /* PBXContainerItemProxy */;
		};
/* End PBXTargetDependency section */

/* Begin PBXVariantGroup section */
		84A607A519249B2500EA39DD /* InfoPlist.strings */ = {
			isa = PBXVariantGroup;
			children = (
				84A607A619249B2500EA39DD /* en */,
			);
			name = InfoPlist.strings;
			sourceTree = "<group>";
		};
		84A607AE19249B2500EA39DD /* Main.storyboard */ = {
			isa = PBXVariantGroup;
			children = (
				84A607AF19249B2500EA39DD /* Base */,
			);
			name = Main.storyboard;
			sourceTree = "<group>";
		};
/* End PBXVariantGroup section */

/* Begin XCBuildConfiguration section */
		84A607C919249B2500EA39DD /* Debug */ = {
			isa = XCBuildConfiguration;
			buildSettings = {
				ALWAYS_SEARCH_USER_PATHS = NO;
				ARCHS = "$(ARCHS_STANDARD_INCLUDING_64_BIT)";
				CLANG_CXX_LANGUAGE_STANDARD = "gnu++0x";
				CLANG_CXX_LIBRARY = "libc++";
				CLANG_ENABLE_MODULES = YES;
				CLANG_ENABLE_OBJC_ARC = YES;
				CLANG_WARN_BOOL_CONVERSION = YES;
				CLANG_WARN_CONSTANT_CONVERSION = YES;
				CLANG_WARN_DIRECT_OBJC_ISA_USAGE = YES_ERROR;
				CLANG_WARN_EMPTY_BODY = YES;
				CLANG_WARN_ENUM_CONVERSION = YES;
				CLANG_WARN_INT_CONVERSION = YES;
				CLANG_WARN_OBJC_ROOT_CLASS = YES_ERROR;
				CLANG_WARN__DUPLICATE_METHOD_MATCH = YES;
				"CODE_SIGN_IDENTITY[sdk=iphoneos*]" = "iPhone Developer";
				COPY_PHASE_STRIP = NO;
				GCC_C_LANGUAGE_STANDARD = gnu99;
				GCC_DYNAMIC_NO_PIC = NO;
				GCC_OPTIMIZATION_LEVEL = 0;
				GCC_PREPROCESSOR_DEFINITIONS = (
					"DEBUG=1",
					"$(inherited)",
				);
				GCC_SYMBOLS_PRIVATE_EXTERN = NO;
				GCC_WARN_64_TO_32_BIT_CONVERSION = YES;
				GCC_WARN_ABOUT_RETURN_TYPE = YES_ERROR;
				GCC_WARN_UNDECLARED_SELECTOR = YES;
				GCC_WARN_UNINITIALIZED_AUTOS = YES;
				GCC_WARN_UNUSED_FUNCTION = YES;
				GCC_WARN_UNUSED_VARIABLE = YES;
				IPHONEOS_DEPLOYMENT_TARGET = 7.0;
				ONLY_ACTIVE_ARCH = YES;
				SDKROOT = iphoneos;
			};
			name = Debug;
		};
		84A607CA19249B2500EA39DD /* Release */ = {
			isa = XCBuildConfiguration;
			buildSettings = {
				ALWAYS_SEARCH_USER_PATHS = NO;
				ARCHS = "$(ARCHS_STANDARD_INCLUDING_64_BIT)";
				CLANG_CXX_LANGUAGE_STANDARD = "gnu++0x";
				CLANG_CXX_LIBRARY = "libc++";
				CLANG_ENABLE_MODULES = YES;
				CLANG_ENABLE_OBJC_ARC = YES;
				CLANG_WARN_BOOL_CONVERSION = YES;
				CLANG_WARN_CONSTANT_CONVERSION = YES;
				CLANG_WARN_DIRECT_OBJC_ISA_USAGE = YES_ERROR;
				CLANG_WARN_EMPTY_BODY = YES;
				CLANG_WARN_ENUM_CONVERSION = YES;
				CLANG_WARN_INT_CONVERSION = YES;
				CLANG_WARN_OBJC_ROOT_CLASS = YES_ERROR;
				CLANG_WARN__DUPLICATE_METHOD_MATCH = YES;
				"CODE_SIGN_IDENTITY[sdk=iphoneos*]" = "iPhone Developer";
				COPY_PHASE_STRIP = YES;
				ENABLE_NS_ASSERTIONS = NO;
				GCC_C_LANGUAGE_STANDARD = gnu99;
				GCC_WARN_64_TO_32_BIT_CONVERSION = YES;
				GCC_WARN_ABOUT_RETURN_TYPE = YES_ERROR;
				GCC_WARN_UNDECLARED_SELECTOR = YES;
				GCC_WARN_UNINITIALIZED_AUTOS = YES;
				GCC_WARN_UNUSED_FUNCTION = YES;
				GCC_WARN_UNUSED_VARIABLE = YES;
				IPHONEOS_DEPLOYMENT_TARGET = 7.0;
				SDKROOT = iphoneos;
				VALIDATE_PRODUCT = YES;
			};
			name = Release;
		};
		84A607CC19249B2500EA39DD /* Debug */ = {
			isa = XCBuildConfiguration;
			buildSettings = {
				ASSETCATALOG_COMPILER_APPICON_NAME = AppIcon;
				ASSETCATALOG_COMPILER_LAUNCHIMAGE_NAME = LaunchImage;
				GCC_PRECOMPILE_PREFIX_HEADER = YES;
				GCC_PREFIX_HEADER = "csi_las2/csi_las2-Prefix.pch";
				INFOPLIST_FILE = "csi_las2/csi_las2-Info.plist";
				PRODUCT_NAME = "$(TARGET_NAME)";
				WRAPPER_EXTENSION = app;
			};
			name = Debug;
		};
		84A607CD19249B2500EA39DD /* Release */ = {
			isa = XCBuildConfiguration;
			buildSettings = {
				ASSETCATALOG_COMPILER_APPICON_NAME = AppIcon;
				ASSETCATALOG_COMPILER_LAUNCHIMAGE_NAME = LaunchImage;
				GCC_PRECOMPILE_PREFIX_HEADER = YES;
				GCC_PREFIX_HEADER = "csi_las2/csi_las2-Prefix.pch";
				INFOPLIST_FILE = "csi_las2/csi_las2-Info.plist";
				PRODUCT_NAME = "$(TARGET_NAME)";
				WRAPPER_EXTENSION = app;
			};
			name = Release;
		};
		84A607CF19249B2500EA39DD /* Debug */ = {
			isa = XCBuildConfiguration;
			buildSettings = {
				ARCHS = "$(ARCHS_STANDARD_INCLUDING_64_BIT)";
				BUNDLE_LOADER = "$(BUILT_PRODUCTS_DIR)/csi_las2.app/csi_las2";
				FRAMEWORK_SEARCH_PATHS = (
					"$(SDKROOT)/Developer/Library/Frameworks",
					"$(inherited)",
					"$(DEVELOPER_FRAMEWORKS_DIR)",
				);
				GCC_PRECOMPILE_PREFIX_HEADER = YES;
				GCC_PREFIX_HEADER = "csi_las2/csi_las2-Prefix.pch";
				GCC_PREPROCESSOR_DEFINITIONS = (
					"DEBUG=1",
					"$(inherited)",
				);
				INFOPLIST_FILE = "csi_las2Tests/csi_las2Tests-Info.plist";
				PRODUCT_NAME = "$(TARGET_NAME)";
				TEST_HOST = "$(BUNDLE_LOADER)";
				WRAPPER_EXTENSION = xctest;
			};
			name = Debug;
		};
		84A607D019249B2500EA39DD /* Release */ = {
			isa = XCBuildConfiguration;
			buildSettings = {
				ARCHS = "$(ARCHS_STANDARD_INCLUDING_64_BIT)";
				BUNDLE_LOADER = "$(BUILT_PRODUCTS_DIR)/csi_las2.app/csi_las2";
				FRAMEWORK_SEARCH_PATHS = (
					"$(SDKROOT)/Developer/Library/Frameworks",
					"$(inherited)",
					"$(DEVELOPER_FRAMEWORKS_DIR)",
				);
				GCC_PRECOMPILE_PREFIX_HEADER = YES;
				GCC_PREFIX_HEADER = "csi_las2/csi_las2-Prefix.pch";
				INFOPLIST_FILE = "csi_las2Tests/csi_las2Tests-Info.plist";
				PRODUCT_NAME = "$(TARGET_NAME)";
				TEST_HOST = "$(BUNDLE_LOADER)";
				WRAPPER_EXTENSION = xctest;
			};
			name = Release;
		};
/* End XCBuildConfiguration section */

/* Begin XCConfigurationList section */
		84A6079419249B2500EA39DD /* Build configuration list for PBXProject "csi_las2" */ = {
			isa = XCConfigurationList;
			buildConfigurations = (
				84A607C919249B2500EA39DD /* Debug */,
				84A607CA19249B2500EA39DD /* Release */,
			);
			defaultConfigurationIsVisible = 0;
			defaultConfigurationName = Release;
		};
		84A607CB19249B2500EA39DD /* Build configuration list for PBXNativeTarget "csi_las2" */ = {
			isa = XCConfigurationList;
			buildConfigurations = (
				84A607CC19249B2500EA39DD /* Debug */,
				84A607CD19249B2500EA39DD /* Release */,
			);
			defaultConfigurationIsVisible = 0;
			defaultConfigurationName = Release;
		};
		84A607CE19249B2500EA39DD /* Build configuration list for PBXNativeTarget "csi_las2Tests" */ = {
			isa = XCConfigurationList;
			buildConfigurations = (
				84A607CF19249B2500EA39DD /* Debug */,
				84A607D019249B2500EA39DD /* Release */,
			);
			defaultConfigurationIsVisible = 0;
			defaultConfigurationName = Release;
		};
/* End XCConfigurationList section */
	};
	rootObject = 84A6079119249B2500EA39DD /* Project object */;
}
