// !$*UTF8*$!
{
	archiveVersion = 1;
	classes = {
	};
	objectVersion = 46;
	objects = {

/* Begin PBXBuildFile section */
		BC429B4E1940A137009BACBE /* Foundation.framework in Frameworks */ = {isa = PBXBuildFile; fileRef = BC429B4D1940A137009BACBE /* Foundation.framework */; };
		BC429B501940A137009BACBE /* CoreGraphics.framework in Frameworks */ = {isa = PBXBuildFile; fileRef = BC429B4F1940A137009BACBE /* CoreGraphics.framework */; };
		BC429B521940A137009BACBE /* UIKit.framework in Frameworks */ = {isa = PBXBuildFile; fileRef = BC429B511940A137009BACBE /* UIKit.framework */; };
		BC429B581940A137009BACBE /* InfoPlist.strings in Resources */ = {isa = PBXBuildFile; fileRef = BC429B561940A137009BACBE /* InfoPlist.strings */; };
		BC429B5A1940A137009BACBE /* main.m in Sources */ = {isa = PBXBuildFile; fileRef = BC429B591940A137009BACBE /* main.m */; };
		BC429B5E1940A137009BACBE /* AppDelegate.m in Sources */ = {isa = PBXBuildFile; fileRef = BC429B5D1940A137009BACBE /* AppDelegate.m */; };
		BC429B611940A137009BACBE /* Main.storyboard in Resources */ = {isa = PBXBuildFile; fileRef = BC429B5F1940A137009BACBE /* Main.storyboard */; };
		BC429B641940A137009BACBE /* ViewController.m in Sources */ = {isa = PBXBuildFile; fileRef = BC429B631940A137009BACBE /* ViewController.m */; };
		BC429B661940A137009BACBE /* Images.xcassets in Resources */ = {isa = PBXBuildFile; fileRef = BC429B651940A137009BACBE /* Images.xcassets */; };
		BC429B6D1940A138009BACBE /* XCTest.framework in Frameworks */ = {isa = PBXBuildFile; fileRef = BC429B6C1940A138009BACBE /* XCTest.framework */; };
		BC429B6E1940A138009BACBE /* Foundation.framework in Frameworks */ = {isa = PBXBuildFile; fileRef = BC429B4D1940A137009BACBE /* Foundation.framework */; };
		BC429B6F1940A138009BACBE /* UIKit.framework in Frameworks */ = {isa = PBXBuildFile; fileRef = BC429B511940A137009BACBE /* UIKit.framework */; };
		BC429B771940A138009BACBE /* InfoPlist.strings in Resources */ = {isa = PBXBuildFile; fileRef = BC429B751940A138009BACBE /* InfoPlist.strings */; };
		BC429B791940A138009BACBE /* tttTests.m in Sources */ = {isa = PBXBuildFile; fileRef = BC429B781940A138009BACBE /* tttTests.m */; };
/* End PBXBuildFile section */

/* Begin PBXContainerItemProxy section */
		BC429B701940A138009BACBE /* PBXContainerItemProxy */ = {
			isa = PBXContainerItemProxy;
			containerPortal = BC429B421940A137009BACBE /* Project object */;
			proxyType = 1;
			remoteGlobalIDString = BC429B491940A137009BACBE;
			remoteInfo = ttt;
		};
/* End PBXContainerItemProxy section */

/* Begin PBXFileReference section */
		BC429B4A1940A137009BACBE /* ttt.app */ = {isa = PBXFileReference; explicitFileType = wrapper.application; includeInIndex = 0; path = ttt.app; sourceTree = BUILT_PRODUCTS_DIR; };
		BC429B4D1940A137009BACBE /* Foundation.framework */ = {isa = PBXFileReference; lastKnownFileType = wrapper.framework; name = Foundation.framework; path = System/Library/Frameworks/Foundation.framework; sourceTree = SDKROOT; };
		BC429B4F1940A137009BACBE /* CoreGraphics.framework */ = {isa = PBXFileReference; lastKnownFileType = wrapper.framework; name = CoreGraphics.framework; path = System/Library/Frameworks/CoreGraphics.framework; sourceTree = SDKROOT; };
		BC429B511940A137009BACBE /* UIKit.framework */ = {isa = PBXFileReference; lastKnownFileType = wrapper.framework; name = UIKit.framework; path = System/Library/Frameworks/UIKit.framework; sourceTree = SDKROOT; };
		BC429B551940A137009BACBE /* ttt-Info.plist */ = {isa = PBXFileReference; lastKnownFileType = text.plist.xml; path = "ttt-Info.plist"; sourceTree = "<group>"; };
		BC429B571940A137009BACBE /* en */ = {isa = PBXFileReference; lastKnownFileType = text.plist.strings; name = en; path = en.lproj/InfoPlist.strings; sourceTree = "<group>"; };
		BC429B591940A137009BACBE /* main.m */ = {isa = PBXFileReference; lastKnownFileType = sourcecode.c.objc; path = main.m; sourceTree = "<group>"; };
		BC429B5B1940A137009BACBE /* ttt-Prefix.pch */ = {isa = PBXFileReference; lastKnownFileType = sourcecode.c.h; path = "ttt-Prefix.pch"; sourceTree = "<group>"; };
		BC429B5C1940A137009BACBE /* AppDelegate.h */ = {isa = PBXFileReference; lastKnownFileType = sourcecode.c.h; path = AppDelegate.h; sourceTree = "<group>"; };
		BC429B5D1940A137009BACBE /* AppDelegate.m */ = {isa = PBXFileReference; lastKnownFileType = sourcecode.c.objc; path = AppDelegate.m; sourceTree = "<group>"; };
		BC429B601940A137009BACBE /* Base */ = {isa = PBXFileReference; lastKnownFileType = file.storyboard; name = Base; path = Base.lproj/Main.storyboard; sourceTree = "<group>"; };
		BC429B621940A137009BACBE /* ViewController.h */ = {isa = PBXFileReference; lastKnownFileType = sourcecode.c.h; path = ViewController.h; sourceTree = "<group>"; };
		BC429B631940A137009BACBE /* ViewController.m */ = {isa = PBXFileReference; lastKnownFileType = sourcecode.c.objc; path = ViewController.m; sourceTree = "<group>"; };
		BC429B651940A137009BACBE /* Images.xcassets */ = {isa = PBXFileReference; lastKnownFileType = folder.assetcatalog; path = Images.xcassets; sourceTree = "<group>"; };
		BC429B6B1940A138009BACBE /* tttTests.xctest */ = {isa = PBXFileReference; explicitFileType = wrapper.cfbundle; includeInIndex = 0; path = tttTests.xctest; sourceTree = BUILT_PRODUCTS_DIR; };
		BC429B6C1940A138009BACBE /* XCTest.framework */ = {isa = PBXFileReference; lastKnownFileType = wrapper.framework; name = XCTest.framework; path = Library/Frameworks/XCTest.framework; sourceTree = DEVELOPER_DIR; };
		BC429B741940A138009BACBE /* tttTests-Info.plist */ = {isa = PBXFileReference; lastKnownFileType = text.plist.xml; path = "tttTests-Info.plist"; sourceTree = "<group>"; };
		BC429B761940A138009BACBE /* en */ = {isa = PBXFileReference; lastKnownFileType = text.plist.strings; name = en; path = en.lproj/InfoPlist.strings; sourceTree = "<group>"; };
		BC429B781940A138009BACBE /* tttTests.m */ = {isa = PBXFileReference; lastKnownFileType = sourcecode.c.objc; path = tttTests.m; sourceTree = "<group>"; };
/* End PBXFileReference section */

/* Begin PBXFrameworksBuildPhase section */
		BC429B471940A137009BACBE /* Frameworks */ = {
			isa = PBXFrameworksBuildPhase;
			buildActionMask = 2147483647;
			files = (
				BC429B501940A137009BACBE /* CoreGraphics.framework in Frameworks */,
				BC429B521940A137009BACBE /* UIKit.framework in Frameworks */,
				BC429B4E1940A137009BACBE /* Foundation.framework in Frameworks */,
			);
			runOnlyForDeploymentPostprocessing = 0;
		};
		BC429B681940A138009BACBE /* Frameworks */ = {
			isa = PBXFrameworksBuildPhase;
			buildActionMask = 2147483647;
			files = (
				BC429B6D1940A138009BACBE /* XCTest.framework in Frameworks */,
				BC429B6F1940A138009BACBE /* UIKit.framework in Frameworks */,
				BC429B6E1940A138009BACBE /* Foundation.framework in Frameworks */,
			);
			runOnlyForDeploymentPostprocessing = 0;
		};
/* End PBXFrameworksBuildPhase section */

/* Begin PBXGroup section */
		BC429B411940A137009BACBE = {
			isa = PBXGroup;
			children = (
				BC429B531940A137009BACBE /* ttt */,
				BC429B721940A138009BACBE /* tttTests */,
				BC429B4C1940A137009BACBE /* Frameworks */,
				BC429B4B1940A137009BACBE /* Products */,
			);
			sourceTree = "<group>";
		};
		BC429B4B1940A137009BACBE /* Products */ = {
			isa = PBXGroup;
			children = (
				BC429B4A1940A137009BACBE /* ttt.app */,
				BC429B6B1940A138009BACBE /* tttTests.xctest */,
			);
			name = Products;
			sourceTree = "<group>";
		};
		BC429B4C1940A137009BACBE /* Frameworks */ = {
			isa = PBXGroup;
			children = (
				BC429B4D1940A137009BACBE /* Foundation.framework */,
				BC429B4F1940A137009BACBE /* CoreGraphics.framework */,
				BC429B511940A137009BACBE /* UIKit.framework */,
				BC429B6C1940A138009BACBE /* XCTest.framework */,
			);
			name = Frameworks;
			sourceTree = "<group>";
		};
		BC429B531940A137009BACBE /* ttt */ = {
			isa = PBXGroup;
			children = (
				BC429B5C1940A137009BACBE /* AppDelegate.h */,
				BC429B5D1940A137009BACBE /* AppDelegate.m */,
				BC429B5F1940A137009BACBE /* Main.storyboard */,
				BC429B621940A137009BACBE /* ViewController.h */,
				BC429B631940A137009BACBE /* ViewController.m */,
				BC429B651940A137009BACBE /* Images.xcassets */,
				BC429B541940A137009BACBE /* Supporting Files */,
			);
			path = ttt;
			sourceTree = "<group>";
		};
		BC429B541940A137009BACBE /* Supporting Files */ = {
			isa = PBXGroup;
			children = (
				BC429B551940A137009BACBE /* ttt-Info.plist */,
				BC429B561940A137009BACBE /* InfoPlist.strings */,
				BC429B591940A137009BACBE /* main.m */,
				BC429B5B1940A137009BACBE /* ttt-Prefix.pch */,
			);
			name = "Supporting Files";
			sourceTree = "<group>";
		};
		BC429B721940A138009BACBE /* tttTests */ = {
			isa = PBXGroup;
			children = (
				BC429B781940A138009BACBE /* tttTests.m */,
				BC429B731940A138009BACBE /* Supporting Files */,
			);
			path = tttTests;
			sourceTree = "<group>";
		};
		BC429B731940A138009BACBE /* Supporting Files */ = {
			isa = PBXGroup;
			children = (
				BC429B741940A138009BACBE /* tttTests-Info.plist */,
				BC429B751940A138009BACBE /* InfoPlist.strings */,
			);
			name = "Supporting Files";
			sourceTree = "<group>";
		};
/* End PBXGroup section */

/* Begin PBXNativeTarget section */
		BC429B491940A137009BACBE /* ttt */ = {
			isa = PBXNativeTarget;
			buildConfigurationList = BC429B7C1940A138009BACBE /* Build configuration list for PBXNativeTarget "ttt" */;
			buildPhases = (
				BC429B461940A137009BACBE /* Sources */,
				BC429B471940A137009BACBE /* Frameworks */,
				BC429B481940A137009BACBE /* Resources */,
			);
			buildRules = (
			);
			dependencies = (
			);
			name = ttt;
			productName = ttt;
			productReference = BC429B4A1940A137009BACBE /* ttt.app */;
			productType = "com.apple.product-type.application";
		};
		BC429B6A1940A138009BACBE /* tttTests */ = {
			isa = PBXNativeTarget;
			buildConfigurationList = BC429B7F1940A138009BACBE /* Build configuration list for PBXNativeTarget "tttTests" */;
			buildPhases = (
				BC429B671940A138009BACBE /* Sources */,
				BC429B681940A138009BACBE /* Frameworks */,
				BC429B691940A138009BACBE /* Resources */,
			);
			buildRules = (
			);
			dependencies = (
				BC429B711940A138009BACBE /* PBXTargetDependency */,
			);
			name = tttTests;
			productName = tttTests;
			productReference = BC429B6B1940A138009BACBE /* tttTests.xctest */;
			productType = "com.apple.product-type.bundle.unit-test";
		};
/* End PBXNativeTarget section */

/* Begin PBXProject section */
		BC429B421940A137009BACBE /* Project object */ = {
			isa = PBXProject;
			attributes = {
				LastUpgradeCheck = 0510;
				ORGANIZATIONNAME = Pinn;
				TargetAttributes = {
					BC429B6A1940A138009BACBE = {
						TestTargetID = BC429B491940A137009BACBE;
					};
				};
			};
			buildConfigurationList = BC429B451940A137009BACBE /* Build configuration list for PBXProject "ttt" */;
			compatibilityVersion = "Xcode 3.2";
			developmentRegion = English;
			hasScannedForEncodings = 0;
			knownRegions = (
				en,
				Base,
			);
			mainGroup = BC429B411940A137009BACBE;
			productRefGroup = BC429B4B1940A137009BACBE /* Products */;
			projectDirPath = "";
			projectRoot = "";
			targets = (
				BC429B491940A137009BACBE /* ttt */,
				BC429B6A1940A138009BACBE /* tttTests */,
			);
		};
/* End PBXProject section */

/* Begin PBXResourcesBuildPhase section */
		BC429B481940A137009BACBE /* Resources */ = {
			isa = PBXResourcesBuildPhase;
			buildActionMask = 2147483647;
			files = (
				BC429B661940A137009BACBE /* Images.xcassets in Resources */,
				BC429B581940A137009BACBE /* InfoPlist.strings in Resources */,
				BC429B611940A137009BACBE /* Main.storyboard in Resources */,
			);
			runOnlyForDeploymentPostprocessing = 0;
		};
		BC429B691940A138009BACBE /* Resources */ = {
			isa = PBXResourcesBuildPhase;
			buildActionMask = 2147483647;
			files = (
				BC429B771940A138009BACBE /* InfoPlist.strings in Resources */,
			);
			runOnlyForDeploymentPostprocessing = 0;
		};
/* End PBXResourcesBuildPhase section */

/* Begin PBXSourcesBuildPhase section */
		BC429B461940A137009BACBE /* Sources */ = {
			isa = PBXSourcesBuildPhase;
			buildActionMask = 2147483647;
			files = (
				BC429B641940A137009BACBE /* ViewController.m in Sources */,
				BC429B5E1940A137009BACBE /* AppDelegate.m in Sources */,
				BC429B5A1940A137009BACBE /* main.m in Sources */,
			);
			runOnlyForDeploymentPostprocessing = 0;
		};
		BC429B671940A138009BACBE /* Sources */ = {
			isa = PBXSourcesBuildPhase;
			buildActionMask = 2147483647;
			files = (
				BC429B791940A138009BACBE /* tttTests.m in Sources */,
			);
			runOnlyForDeploymentPostprocessing = 0;
		};
/* End PBXSourcesBuildPhase section */

/* Begin PBXTargetDependency section */
		BC429B711940A138009BACBE /* PBXTargetDependency */ = {
			isa = PBXTargetDependency;
			target = BC429B491940A137009BACBE /* ttt */;
			targetProxy = BC429B701940A138009BACBE /* PBXContainerItemProxy */;
		};
/* End PBXTargetDependency section */

/* Begin PBXVariantGroup section */
		BC429B561940A137009BACBE /* InfoPlist.strings */ = {
			isa = PBXVariantGroup;
			children = (
				BC429B571940A137009BACBE /* en */,
			);
			name = InfoPlist.strings;
			sourceTree = "<group>";
		};
		BC429B5F1940A137009BACBE /* Main.storyboard */ = {
			isa = PBXVariantGroup;
			children = (
				BC429B601940A137009BACBE /* Base */,
			);
			name = Main.storyboard;
			sourceTree = "<group>";
		};
		BC429B751940A138009BACBE /* InfoPlist.strings */ = {
			isa = PBXVariantGroup;
			children = (
				BC429B761940A138009BACBE /* en */,
			);
			name = InfoPlist.strings;
			sourceTree = "<group>";
		};
/* End PBXVariantGroup section */

/* Begin XCBuildConfiguration section */
		BC429B7A1940A138009BACBE /* Debug */ = {
			isa = XCBuildConfiguration;
			buildSettings = {
				ALWAYS_SEARCH_USER_PATHS = NO;
				CLANG_CXX_LANGUAGE_STANDARD = "gnu++0x";
				CLANG_CXX_LIBRARY = "libc++";
				CLANG_ENABLE_MODULES = YES;
				CLANG_ENABLE_OBJC_ARC = YES;
				CLANG_WARN_BOOL_CONVERSION = YES;
				CLANG_WARN_CONSTANT_CONVERSION = YES;
				CLANG_WARN_DIRECT_OBJC_ISA_USAGE = YES_ERROR;
				CLANG_WARN_EMPTY_BODY = YES;
				CLANG_WARN_ENUM_CONVERSION = YES;
				CLANG_WARN_INT_CONVERSION = YES;
				CLANG_WARN_OBJC_ROOT_CLASS = YES_ERROR;
				CLANG_WARN__DUPLICATE_METHOD_MATCH = YES;
				"CODE_SIGN_IDENTITY[sdk=iphoneos*]" = "iPhone Developer";
				COPY_PHASE_STRIP = NO;
				GCC_C_LANGUAGE_STANDARD = gnu99;
				GCC_DYNAMIC_NO_PIC = NO;
				GCC_OPTIMIZATION_LEVEL = 0;
				GCC_PREPROCESSOR_DEFINITIONS = (
					"DEBUG=1",
					"$(inherited)",
				);
				GCC_SYMBOLS_PRIVATE_EXTERN = NO;
				GCC_WARN_64_TO_32_BIT_CONVERSION = YES;
				GCC_WARN_ABOUT_RETURN_TYPE = YES_ERROR;
				GCC_WARN_UNDECLARED_SELECTOR = YES;
				GCC_WARN_UNINITIALIZED_AUTOS = YES_AGGRESSIVE;
				GCC_WARN_UNUSED_FUNCTION = YES;
				GCC_WARN_UNUSED_VARIABLE = YES;
				IPHONEOS_DEPLOYMENT_TARGET = 7.1;
				ONLY_ACTIVE_ARCH = YES;
				SDKROOT = iphoneos;
			};
			name = Debug;
		};
		BC429B7B1940A138009BACBE /* Release */ = {
			isa = XCBuildConfiguration;
			buildSettings = {
				ALWAYS_SEARCH_USER_PATHS = NO;
				CLANG_CXX_LANGUAGE_STANDARD = "gnu++0x";
				CLANG_CXX_LIBRARY = "libc++";
				CLANG_ENABLE_MODULES = YES;
				CLANG_ENABLE_OBJC_ARC = YES;
				CLANG_WARN_BOOL_CONVERSION = YES;
				CLANG_WARN_CONSTANT_CONVERSION = YES;
				CLANG_WARN_DIRECT_OBJC_ISA_USAGE = YES_ERROR;
				CLANG_WARN_EMPTY_BODY = YES;
				CLANG_WARN_ENUM_CONVERSION = YES;
				CLANG_WARN_INT_CONVERSION = YES;
				CLANG_WARN_OBJC_ROOT_CLASS = YES_ERROR;
				CLANG_WARN__DUPLICATE_METHOD_MATCH = YES;
				"CODE_SIGN_IDENTITY[sdk=iphoneos*]" = "iPhone Developer";
				COPY_PHASE_STRIP = YES;
				ENABLE_NS_ASSERTIONS = NO;
				GCC_C_LANGUAGE_STANDARD = gnu99;
				GCC_WARN_64_TO_32_BIT_CONVERSION = YES;
				GCC_WARN_ABOUT_RETURN_TYPE = YES_ERROR;
				GCC_WARN_UNDECLARED_SELECTOR = YES;
				GCC_WARN_UNINITIALIZED_AUTOS = YES_AGGRESSIVE;
				GCC_WARN_UNUSED_FUNCTION = YES;
				GCC_WARN_UNUSED_VARIABLE = YES;
				IPHONEOS_DEPLOYMENT_TARGET = 7.1;
				SDKROOT = iphoneos;
				VALIDATE_PRODUCT = YES;
			};
			name = Release;
		};
		BC429B7D1940A138009BACBE /* Debug */ = {
			isa = XCBuildConfiguration;
			buildSettings = {
				ASSETCATALOG_COMPILER_APPICON_NAME = AppIcon;
				ASSETCATALOG_COMPILER_LAUNCHIMAGE_NAME = LaunchImage;
				GCC_PRECOMPILE_PREFIX_HEADER = YES;
				GCC_PREFIX_HEADER = "ttt/ttt-Prefix.pch";
				INFOPLIST_FILE = "ttt/ttt-Info.plist";
				PRODUCT_NAME = "$(TARGET_NAME)";
				WRAPPER_EXTENSION = app;
			};
			name = Debug;
		};
		BC429B7E1940A138009BACBE /* Release */ = {
			isa = XCBuildConfiguration;
			buildSettings = {
				ASSETCATALOG_COMPILER_APPICON_NAME = AppIcon;
				ASSETCATALOG_COMPILER_LAUNCHIMAGE_NAME = LaunchImage;
				GCC_PRECOMPILE_PREFIX_HEADER = YES;
				GCC_PREFIX_HEADER = "ttt/ttt-Prefix.pch";
				INFOPLIST_FILE = "ttt/ttt-Info.plist";
				PRODUCT_NAME = "$(TARGET_NAME)";
				WRAPPER_EXTENSION = app;
			};
			name = Release;
		};
		BC429B801940A138009BACBE /* Debug */ = {
			isa = XCBuildConfiguration;
			buildSettings = {
				BUNDLE_LOADER = "$(BUILT_PRODUCTS_DIR)/ttt.app/ttt";
				FRAMEWORK_SEARCH_PATHS = (
					"$(SDKROOT)/Developer/Library/Frameworks",
					"$(inherited)",
					"$(DEVELOPER_FRAMEWORKS_DIR)",
				);
				GCC_PRECOMPILE_PREFIX_HEADER = YES;
				GCC_PREFIX_HEADER = "ttt/ttt-Prefix.pch";
				GCC_PREPROCESSOR_DEFINITIONS = (
					"DEBUG=1",
					"$(inherited)",
				);
				INFOPLIST_FILE = "tttTests/tttTests-Info.plist";
				PRODUCT_NAME = "$(TARGET_NAME)";
				TEST_HOST = "$(BUNDLE_LOADER)";
				WRAPPER_EXTENSION = xctest;
			};
			name = Debug;
		};
		BC429B811940A138009BACBE /* Release */ = {
			isa = XCBuildConfiguration;
			buildSettings = {
				BUNDLE_LOADER = "$(BUILT_PRODUCTS_DIR)/ttt.app/ttt";
				FRAMEWORK_SEARCH_PATHS = (
					"$(SDKROOT)/Developer/Library/Frameworks",
					"$(inherited)",
					"$(DEVELOPER_FRAMEWORKS_DIR)",
				);
				GCC_PRECOMPILE_PREFIX_HEADER = YES;
				GCC_PREFIX_HEADER = "ttt/ttt-Prefix.pch";
				INFOPLIST_FILE = "tttTests/tttTests-Info.plist";
				PRODUCT_NAME = "$(TARGET_NAME)";
				TEST_HOST = "$(BUNDLE_LOADER)";
				WRAPPER_EXTENSION = xctest;
			};
			name = Release;
		};
/* End XCBuildConfiguration section */

/* Begin XCConfigurationList section */
		BC429B451940A137009BACBE /* Build configuration list for PBXProject "ttt" */ = {
			isa = XCConfigurationList;
			buildConfigurations = (
				BC429B7A1940A138009BACBE /* Debug */,
				BC429B7B1940A138009BACBE /* Release */,
			);
			defaultConfigurationIsVisible = 0;
			defaultConfigurationName = Release;
		};
		BC429B7C1940A138009BACBE /* Build configuration list for PBXNativeTarget "ttt" */ = {
			isa = XCConfigurationList;
			buildConfigurations = (
				BC429B7D1940A138009BACBE /* Debug */,
				BC429B7E1940A138009BACBE /* Release */,
			);
			defaultConfigurationIsVisible = 0;
		};
		BC429B7F1940A138009BACBE /* Build configuration list for PBXNativeTarget "tttTests" */ = {
			isa = XCConfigurationList;
			buildConfigurations = (
				BC429B801940A138009BACBE /* Debug */,
				BC429B811940A138009BACBE /* Release */,
			);
			defaultConfigurationIsVisible = 0;
		};
/* End XCConfigurationList section */
	};
	rootObject = BC429B421940A137009BACBE /* Project object */;
}
