// !$*UTF8*$!
{
	archiveVersion = 1;
	classes = {
	};
	objectVersion = 46;
	objects = {

/* Begin PBXBuildFile section */
		84DB4347193D674D00B05025 /* Foundation.framework in Frameworks */ = {isa = PBXBuildFile; fileRef = 84DB4346193D674D00B05025 /* Foundation.framework */; };
		84DB4349193D674D00B05025 /* CoreGraphics.framework in Frameworks */ = {isa = PBXBuildFile; fileRef = 84DB4348193D674D00B05025 /* CoreGraphics.framework */; };
		84DB434B193D674D00B05025 /* UIKit.framework in Frameworks */ = {isa = PBXBuildFile; fileRef = 84DB434A193D674D00B05025 /* UIKit.framework */; };
		84DB4351193D674D00B05025 /* InfoPlist.strings in Resources */ = {isa = PBXBuildFile; fileRef = 84DB434F193D674D00B05025 /* InfoPlist.strings */; };
		84DB4353193D674D00B05025 /* main.m in Sources */ = {isa = PBXBuildFile; fileRef = 84DB4352193D674D00B05025 /* main.m */; };
		84DB4357193D674D00B05025 /* AppDelegate.m in Sources */ = {isa = PBXBuildFile; fileRef = 84DB4356193D674D00B05025 /* AppDelegate.m */; };
		84DB435A193D674D00B05025 /* Main.storyboard in Resources */ = {isa = PBXBuildFile; fileRef = 84DB4358193D674D00B05025 /* Main.storyboard */; };
		84DB435F193D674D00B05025 /* Images.xcassets in Resources */ = {isa = PBXBuildFile; fileRef = 84DB435E193D674D00B05025 /* Images.xcassets */; };
		84DB4366193D674D00B05025 /* XCTest.framework in Frameworks */ = {isa = PBXBuildFile; fileRef = 84DB4365193D674D00B05025 /* XCTest.framework */; };
		84DB4367193D674D00B05025 /* Foundation.framework in Frameworks */ = {isa = PBXBuildFile; fileRef = 84DB4346193D674D00B05025 /* Foundation.framework */; };
		84DB4368193D674D00B05025 /* UIKit.framework in Frameworks */ = {isa = PBXBuildFile; fileRef = 84DB434A193D674D00B05025 /* UIKit.framework */; };
		84DB4370193D674D00B05025 /* InfoPlist.strings in Resources */ = {isa = PBXBuildFile; fileRef = 84DB436E193D674D00B05025 /* InfoPlist.strings */; };
		84DB4372193D674D00B05025 /* csi_las4Tests.m in Sources */ = {isa = PBXBuildFile; fileRef = 84DB4371193D674D00B05025 /* csi_las4Tests.m */; };
		84DB4386193D6B8C00B05025 /* LoadViewController.m in Sources */ = {isa = PBXBuildFile; fileRef = 84DB4385193D6B8C00B05025 /* LoadViewController.m */; };
		84DB438B193D6CAA00B05025 /* UserLoginViewController.m in Sources */ = {isa = PBXBuildFile; fileRef = 84DB438A193D6CAA00B05025 /* UserLoginViewController.m */; };
		84DB438F193D6CDF00B05025 /* PinLoginViewController.m in Sources */ = {isa = PBXBuildFile; fileRef = 84DB438E193D6CDF00B05025 /* PinLoginViewController.m */; };
		84DB4392193D723700B05025 /* bg_UserLogin.png in Resources */ = {isa = PBXBuildFile; fileRef = 84DB4391193D723700B05025 /* bg_UserLogin.png */; };
		84DB4395193D7CDB00B05025 /* ConnectObject.m in Sources */ = {isa = PBXBuildFile; fileRef = 84DB4394193D7CDB00B05025 /* ConnectObject.m */; };
		84DB439B193DC5E300B05025 /* UserCell.xib in Resources */ = {isa = PBXBuildFile; fileRef = 84DB439A193DC5E300B05025 /* UserCell.xib */; };
		84DB439E193DC6FC00B05025 /* SimpleTableCell.m in Sources */ = {isa = PBXBuildFile; fileRef = 84DB439D193DC6FC00B05025 /* SimpleTableCell.m */; };
/* End PBXBuildFile section */

/* Begin PBXContainerItemProxy section */
		84DB4369193D674D00B05025 /* PBXContainerItemProxy */ = {
			isa = PBXContainerItemProxy;
			containerPortal = 84DB433B193D674D00B05025 /* Project object */;
			proxyType = 1;
			remoteGlobalIDString = 84DB4342193D674D00B05025;
			remoteInfo = csi_las4;
		};
/* End PBXContainerItemProxy section */

/* Begin PBXFileReference section */
		84DB4343193D674D00B05025 /* csi_las4.app */ = {isa = PBXFileReference; explicitFileType = wrapper.application; includeInIndex = 0; path = csi_las4.app; sourceTree = BUILT_PRODUCTS_DIR; };
		84DB4346193D674D00B05025 /* Foundation.framework */ = {isa = PBXFileReference; lastKnownFileType = wrapper.framework; name = Foundation.framework; path = System/Library/Frameworks/Foundation.framework; sourceTree = SDKROOT; };
		84DB4348193D674D00B05025 /* CoreGraphics.framework */ = {isa = PBXFileReference; lastKnownFileType = wrapper.framework; name = CoreGraphics.framework; path = System/Library/Frameworks/CoreGraphics.framework; sourceTree = SDKROOT; };
		84DB434A193D674D00B05025 /* UIKit.framework */ = {isa = PBXFileReference; lastKnownFileType = wrapper.framework; name = UIKit.framework; path = System/Library/Frameworks/UIKit.framework; sourceTree = SDKROOT; };
		84DB434E193D674D00B05025 /* csi_las4-Info.plist */ = {isa = PBXFileReference; lastKnownFileType = text.plist.xml; path = "csi_las4-Info.plist"; sourceTree = "<group>"; };
		84DB4350193D674D00B05025 /* en */ = {isa = PBXFileReference; lastKnownFileType = text.plist.strings; name = en; path = en.lproj/InfoPlist.strings; sourceTree = "<group>"; };
		84DB4352193D674D00B05025 /* main.m */ = {isa = PBXFileReference; lastKnownFileType = sourcecode.c.objc; path = main.m; sourceTree = "<group>"; };
		84DB4354193D674D00B05025 /* csi_las4-Prefix.pch */ = {isa = PBXFileReference; lastKnownFileType = sourcecode.c.h; path = "csi_las4-Prefix.pch"; sourceTree = "<group>"; };
		84DB4355193D674D00B05025 /* AppDelegate.h */ = {isa = PBXFileReference; lastKnownFileType = sourcecode.c.h; path = AppDelegate.h; sourceTree = "<group>"; };
		84DB4356193D674D00B05025 /* AppDelegate.m */ = {isa = PBXFileReference; lastKnownFileType = sourcecode.c.objc; path = AppDelegate.m; sourceTree = "<group>"; };
		84DB4359193D674D00B05025 /* Base */ = {isa = PBXFileReference; lastKnownFileType = file.storyboard; name = Base; path = Base.lproj/Main.storyboard; sourceTree = "<group>"; };
		84DB435E193D674D00B05025 /* Images.xcassets */ = {isa = PBXFileReference; lastKnownFileType = folder.assetcatalog; path = Images.xcassets; sourceTree = "<group>"; };
		84DB4364193D674D00B05025 /* csi_las4Tests.xctest */ = {isa = PBXFileReference; explicitFileType = wrapper.cfbundle; includeInIndex = 0; path = csi_las4Tests.xctest; sourceTree = BUILT_PRODUCTS_DIR; };
		84DB4365193D674D00B05025 /* XCTest.framework */ = {isa = PBXFileReference; lastKnownFileType = wrapper.framework; name = XCTest.framework; path = Library/Frameworks/XCTest.framework; sourceTree = DEVELOPER_DIR; };
		84DB436D193D674D00B05025 /* csi_las4Tests-Info.plist */ = {isa = PBXFileReference; lastKnownFileType = text.plist.xml; path = "csi_las4Tests-Info.plist"; sourceTree = "<group>"; };
		84DB436F193D674D00B05025 /* en */ = {isa = PBXFileReference; lastKnownFileType = text.plist.strings; name = en; path = en.lproj/InfoPlist.strings; sourceTree = "<group>"; };
		84DB4371193D674D00B05025 /* csi_las4Tests.m */ = {isa = PBXFileReference; lastKnownFileType = sourcecode.c.objc; path = csi_las4Tests.m; sourceTree = "<group>"; };
		84DB4384193D6B8C00B05025 /* LoadViewController.h */ = {isa = PBXFileReference; fileEncoding = 4; lastKnownFileType = sourcecode.c.h; name = LoadViewController.h; path = ../LoadViewController.h; sourceTree = "<group>"; };
		84DB4385193D6B8C00B05025 /* LoadViewController.m */ = {isa = PBXFileReference; fileEncoding = 4; lastKnownFileType = sourcecode.c.objc; name = LoadViewController.m; path = ../LoadViewController.m; sourceTree = "<group>"; };
		84DB4389193D6CAA00B05025 /* UserLoginViewController.h */ = {isa = PBXFileReference; fileEncoding = 4; lastKnownFileType = sourcecode.c.h; path = UserLoginViewController.h; sourceTree = "<group>"; };
		84DB438A193D6CAA00B05025 /* UserLoginViewController.m */ = {isa = PBXFileReference; fileEncoding = 4; lastKnownFileType = sourcecode.c.objc; path = UserLoginViewController.m; sourceTree = "<group>"; };
		84DB438D193D6CDF00B05025 /* PinLoginViewController.h */ = {isa = PBXFileReference; fileEncoding = 4; lastKnownFileType = sourcecode.c.h; path = PinLoginViewController.h; sourceTree = "<group>"; };
		84DB438E193D6CDF00B05025 /* PinLoginViewController.m */ = {isa = PBXFileReference; fileEncoding = 4; lastKnownFileType = sourcecode.c.objc; path = PinLoginViewController.m; sourceTree = "<group>"; };
		84DB4391193D723700B05025 /* bg_UserLogin.png */ = {isa = PBXFileReference; lastKnownFileType = image.png; path = bg_UserLogin.png; sourceTree = "<group>"; };
		84DB4393193D7CDB00B05025 /* ConnectObject.h */ = {isa = PBXFileReference; fileEncoding = 4; lastKnownFileType = sourcecode.c.h; path = ConnectObject.h; sourceTree = "<group>"; };
		84DB4394193D7CDB00B05025 /* ConnectObject.m */ = {isa = PBXFileReference; fileEncoding = 4; lastKnownFileType = sourcecode.c.objc; path = ConnectObject.m; sourceTree = "<group>"; };
		84DB439A193DC5E300B05025 /* UserCell.xib */ = {isa = PBXFileReference; fileEncoding = 4; lastKnownFileType = file.xib; path = UserCell.xib; sourceTree = "<group>"; };
		84DB439C193DC6FC00B05025 /* SimpleTableCell.h */ = {isa = PBXFileReference; fileEncoding = 4; lastKnownFileType = sourcecode.c.h; path = SimpleTableCell.h; sourceTree = "<group>"; };
		84DB439D193DC6FC00B05025 /* SimpleTableCell.m */ = {isa = PBXFileReference; fileEncoding = 4; lastKnownFileType = sourcecode.c.objc; path = SimpleTableCell.m; sourceTree = "<group>"; };
/* End PBXFileReference section */

/* Begin PBXFrameworksBuildPhase section */
		84DB4340193D674D00B05025 /* Frameworks */ = {
			isa = PBXFrameworksBuildPhase;
			buildActionMask = 2147483647;
			files = (
				84DB4349193D674D00B05025 /* CoreGraphics.framework in Frameworks */,
				84DB434B193D674D00B05025 /* UIKit.framework in Frameworks */,
				84DB4347193D674D00B05025 /* Foundation.framework in Frameworks */,
			);
			runOnlyForDeploymentPostprocessing = 0;
		};
		84DB4361193D674D00B05025 /* Frameworks */ = {
			isa = PBXFrameworksBuildPhase;
			buildActionMask = 2147483647;
			files = (
				84DB4366193D674D00B05025 /* XCTest.framework in Frameworks */,
				84DB4368193D674D00B05025 /* UIKit.framework in Frameworks */,
				84DB4367193D674D00B05025 /* Foundation.framework in Frameworks */,
			);
			runOnlyForDeploymentPostprocessing = 0;
		};
/* End PBXFrameworksBuildPhase section */

/* Begin PBXGroup section */
		84DB433A193D674D00B05025 = {
			isa = PBXGroup;
			children = (
				84DB4396193D7CE100B05025 /* Objet */,
				84DB434C193D674D00B05025 /* csi_las4 */,
				84DB436B193D674D00B05025 /* csi_las4Tests */,
				84DB4345193D674D00B05025 /* Frameworks */,
				84DB4344193D674D00B05025 /* Products */,
				84DB4391193D723700B05025 /* bg_UserLogin.png */,
			);
			sourceTree = "<group>";
		};
		84DB4344193D674D00B05025 /* Products */ = {
			isa = PBXGroup;
			children = (
				84DB4343193D674D00B05025 /* csi_las4.app */,
				84DB4364193D674D00B05025 /* csi_las4Tests.xctest */,
			);
			name = Products;
			sourceTree = "<group>";
		};
		84DB4345193D674D00B05025 /* Frameworks */ = {
			isa = PBXGroup;
			children = (
				84DB4346193D674D00B05025 /* Foundation.framework */,
				84DB4348193D674D00B05025 /* CoreGraphics.framework */,
				84DB434A193D674D00B05025 /* UIKit.framework */,
				84DB4365193D674D00B05025 /* XCTest.framework */,
			);
			name = Frameworks;
			sourceTree = "<group>";
		};
		84DB434C193D674D00B05025 /* csi_las4 */ = {
			isa = PBXGroup;
			children = (
				84DB4388193D6BA900B05025 /* AppDelegate */,
				84DB4387193D6B9500B05025 /* LoadViewController */,
				84DB438C193D6CAE00B05025 /* UserLoginViewController */,
				84DB4390193D6CE200B05025 /* PinLoginViewController */,
				84DB4358193D674D00B05025 /* Main.storyboard */,
				84DB435E193D674D00B05025 /* Images.xcassets */,
				84DB434D193D674D00B05025 /* Supporting Files */,
			);
			path = csi_las4;
			sourceTree = "<group>";
		};
		84DB434D193D674D00B05025 /* Supporting Files */ = {
			isa = PBXGroup;
			children = (
				84DB434E193D674D00B05025 /* csi_las4-Info.plist */,
				84DB434F193D674D00B05025 /* InfoPlist.strings */,
				84DB4352193D674D00B05025 /* main.m */,
				84DB4354193D674D00B05025 /* csi_las4-Prefix.pch */,
			);
			name = "Supporting Files";
			sourceTree = "<group>";
		};
		84DB436B193D674D00B05025 /* csi_las4Tests */ = {
			isa = PBXGroup;
			children = (
				84DB4371193D674D00B05025 /* csi_las4Tests.m */,
				84DB436C193D674D00B05025 /* Supporting Files */,
			);
			path = csi_las4Tests;
			sourceTree = "<group>";
		};
		84DB436C193D674D00B05025 /* Supporting Files */ = {
			isa = PBXGroup;
			children = (
				84DB436D193D674D00B05025 /* csi_las4Tests-Info.plist */,
				84DB436E193D674D00B05025 /* InfoPlist.strings */,
			);
			name = "Supporting Files";
			sourceTree = "<group>";
		};
		84DB4387193D6B9500B05025 /* LoadViewController */ = {
			isa = PBXGroup;
			children = (
				84DB4384193D6B8C00B05025 /* LoadViewController.h */,
				84DB4385193D6B8C00B05025 /* LoadViewController.m */,
			);
			name = LoadViewController;
			sourceTree = "<group>";
		};
		84DB4388193D6BA900B05025 /* AppDelegate */ = {
			isa = PBXGroup;
			children = (
				84DB4355193D674D00B05025 /* AppDelegate.h */,
				84DB4356193D674D00B05025 /* AppDelegate.m */,
			);
			name = AppDelegate;
			sourceTree = "<group>";
		};
		84DB438C193D6CAE00B05025 /* UserLoginViewController */ = {
			isa = PBXGroup;
			children = (
				84DB4389193D6CAA00B05025 /* UserLoginViewController.h */,
				84DB438A193D6CAA00B05025 /* UserLoginViewController.m */,
				84DB439A193DC5E300B05025 /* UserCell.xib */,
				84DB439C193DC6FC00B05025 /* SimpleTableCell.h */,
				84DB439D193DC6FC00B05025 /* SimpleTableCell.m */,
			);
			name = UserLoginViewController;
			sourceTree = "<group>";
		};
		84DB4390193D6CE200B05025 /* PinLoginViewController */ = {
			isa = PBXGroup;
			children = (
				84DB438D193D6CDF00B05025 /* PinLoginViewController.h */,
				84DB438E193D6CDF00B05025 /* PinLoginViewController.m */,
			);
			name = PinLoginViewController;
			path = ..;
			sourceTree = "<group>";
		};
		84DB4396193D7CE100B05025 /* Objet */ = {
			isa = PBXGroup;
			children = (
				84DB4393193D7CDB00B05025 /* ConnectObject.h */,
				84DB4394193D7CDB00B05025 /* ConnectObject.m */,
			);
			name = Objet;
			sourceTree = "<group>";
		};
/* End PBXGroup section */

/* Begin PBXNativeTarget section */
		84DB4342193D674D00B05025 /* csi_las4 */ = {
			isa = PBXNativeTarget;
			buildConfigurationList = 84DB4375193D674D00B05025 /* Build configuration list for PBXNativeTarget "csi_las4" */;
			buildPhases = (
				84DB433F193D674D00B05025 /* Sources */,
				84DB4340193D674D00B05025 /* Frameworks */,
				84DB4341193D674D00B05025 /* Resources */,
			);
			buildRules = (
			);
			dependencies = (
			);
			name = csi_las4;
			productName = csi_las4;
			productReference = 84DB4343193D674D00B05025 /* csi_las4.app */;
			productType = "com.apple.product-type.application";
		};
		84DB4363193D674D00B05025 /* csi_las4Tests */ = {
			isa = PBXNativeTarget;
			buildConfigurationList = 84DB4378193D674D00B05025 /* Build configuration list for PBXNativeTarget "csi_las4Tests" */;
			buildPhases = (
				84DB4360193D674D00B05025 /* Sources */,
				84DB4361193D674D00B05025 /* Frameworks */,
				84DB4362193D674D00B05025 /* Resources */,
			);
			buildRules = (
			);
			dependencies = (
				84DB436A193D674D00B05025 /* PBXTargetDependency */,
			);
			name = csi_las4Tests;
			productName = csi_las4Tests;
			productReference = 84DB4364193D674D00B05025 /* csi_las4Tests.xctest */;
			productType = "com.apple.product-type.bundle.unit-test";
		};
/* End PBXNativeTarget section */

/* Begin PBXProject section */
		84DB433B193D674D00B05025 /* Project object */ = {
			isa = PBXProject;
			attributes = {
				LastUpgradeCheck = 0500;
				ORGANIZATIONNAME = Admin;
				TargetAttributes = {
					84DB4363193D674D00B05025 = {
						TestTargetID = 84DB4342193D674D00B05025;
					};
				};
			};
			buildConfigurationList = 84DB433E193D674D00B05025 /* Build configuration list for PBXProject "csi_las4" */;
			compatibilityVersion = "Xcode 3.2";
			developmentRegion = English;
			hasScannedForEncodings = 0;
			knownRegions = (
				en,
				Base,
			);
			mainGroup = 84DB433A193D674D00B05025;
			productRefGroup = 84DB4344193D674D00B05025 /* Products */;
			projectDirPath = "";
			projectRoot = "";
			targets = (
				84DB4342193D674D00B05025 /* csi_las4 */,
				84DB4363193D674D00B05025 /* csi_las4Tests */,
			);
		};
/* End PBXProject section */

/* Begin PBXResourcesBuildPhase section */
		84DB4341193D674D00B05025 /* Resources */ = {
			isa = PBXResourcesBuildPhase;
			buildActionMask = 2147483647;
			files = (
				84DB435F193D674D00B05025 /* Images.xcassets in Resources */,
				84DB4351193D674D00B05025 /* InfoPlist.strings in Resources */,
				84DB435A193D674D00B05025 /* Main.storyboard in Resources */,
				84DB4392193D723700B05025 /* bg_UserLogin.png in Resources */,
				84DB439B193DC5E300B05025 /* UserCell.xib in Resources */,
			);
			runOnlyForDeploymentPostprocessing = 0;
		};
		84DB4362193D674D00B05025 /* Resources */ = {
			isa = PBXResourcesBuildPhase;
			buildActionMask = 2147483647;
			files = (
				84DB4370193D674D00B05025 /* InfoPlist.strings in Resources */,
			);
			runOnlyForDeploymentPostprocessing = 0;
		};
/* End PBXResourcesBuildPhase section */

/* Begin PBXSourcesBuildPhase section */
		84DB433F193D674D00B05025 /* Sources */ = {
			isa = PBXSourcesBuildPhase;
			buildActionMask = 2147483647;
			files = (
				84DB439E193DC6FC00B05025 /* SimpleTableCell.m in Sources */,
				84DB4357193D674D00B05025 /* AppDelegate.m in Sources */,
				84DB4395193D7CDB00B05025 /* ConnectObject.m in Sources */,
				84DB4386193D6B8C00B05025 /* LoadViewController.m in Sources */,
				84DB4353193D674D00B05025 /* main.m in Sources */,
				84DB438B193D6CAA00B05025 /* UserLoginViewController.m in Sources */,
				84DB438F193D6CDF00B05025 /* PinLoginViewController.m in Sources */,
			);
			runOnlyForDeploymentPostprocessing = 0;
		};
		84DB4360193D674D00B05025 /* Sources */ = {
			isa = PBXSourcesBuildPhase;
			buildActionMask = 2147483647;
			files = (
				84DB4372193D674D00B05025 /* csi_las4Tests.m in Sources */,
			);
			runOnlyForDeploymentPostprocessing = 0;
		};
/* End PBXSourcesBuildPhase section */

/* Begin PBXTargetDependency section */
		84DB436A193D674D00B05025 /* PBXTargetDependency */ = {
			isa = PBXTargetDependency;
			target = 84DB4342193D674D00B05025 /* csi_las4 */;
			targetProxy = 84DB4369193D674D00B05025 /* PBXContainerItemProxy */;
		};
/* End PBXTargetDependency section */

/* Begin PBXVariantGroup section */
		84DB434F193D674D00B05025 /* InfoPlist.strings */ = {
			isa = PBXVariantGroup;
			children = (
				84DB4350193D674D00B05025 /* en */,
			);
			name = InfoPlist.strings;
			sourceTree = "<group>";
		};
		84DB4358193D674D00B05025 /* Main.storyboard */ = {
			isa = PBXVariantGroup;
			children = (
				84DB4359193D674D00B05025 /* Base */,
			);
			name = Main.storyboard;
			sourceTree = "<group>";
		};
		84DB436E193D674D00B05025 /* InfoPlist.strings */ = {
			isa = PBXVariantGroup;
			children = (
				84DB436F193D674D00B05025 /* en */,
			);
			name = InfoPlist.strings;
			sourceTree = "<group>";
		};
/* End PBXVariantGroup section */

/* Begin XCBuildConfiguration section */
		84DB4373193D674D00B05025 /* Debug */ = {
			isa = XCBuildConfiguration;
			buildSettings = {
				ALWAYS_SEARCH_USER_PATHS = NO;
				ARCHS = "$(ARCHS_STANDARD_INCLUDING_64_BIT)";
				CLANG_CXX_LANGUAGE_STANDARD = "gnu++0x";
				CLANG_CXX_LIBRARY = "libc++";
				CLANG_ENABLE_MODULES = YES;
				CLANG_ENABLE_OBJC_ARC = YES;
				CLANG_WARN_BOOL_CONVERSION = YES;
				CLANG_WARN_CONSTANT_CONVERSION = YES;
				CLANG_WARN_DIRECT_OBJC_ISA_USAGE = YES_ERROR;
				CLANG_WARN_EMPTY_BODY = YES;
				CLANG_WARN_ENUM_CONVERSION = YES;
				CLANG_WARN_INT_CONVERSION = YES;
				CLANG_WARN_OBJC_ROOT_CLASS = YES_ERROR;
				CLANG_WARN__DUPLICATE_METHOD_MATCH = YES;
				"CODE_SIGN_IDENTITY[sdk=iphoneos*]" = "iPhone Developer";
				COPY_PHASE_STRIP = NO;
				GCC_C_LANGUAGE_STANDARD = gnu99;
				GCC_DYNAMIC_NO_PIC = NO;
				GCC_OPTIMIZATION_LEVEL = 0;
				GCC_PREPROCESSOR_DEFINITIONS = (
					"DEBUG=1",
					"$(inherited)",
				);
				GCC_SYMBOLS_PRIVATE_EXTERN = NO;
				GCC_WARN_64_TO_32_BIT_CONVERSION = YES;
				GCC_WARN_ABOUT_RETURN_TYPE = YES_ERROR;
				GCC_WARN_UNDECLARED_SELECTOR = YES;
				GCC_WARN_UNINITIALIZED_AUTOS = YES;
				GCC_WARN_UNUSED_FUNCTION = YES;
				GCC_WARN_UNUSED_VARIABLE = YES;
				IPHONEOS_DEPLOYMENT_TARGET = 7.0;
				ONLY_ACTIVE_ARCH = YES;
				SDKROOT = iphoneos;
			};
			name = Debug;
		};
		84DB4374193D674D00B05025 /* Release */ = {
			isa = XCBuildConfiguration;
			buildSettings = {
				ALWAYS_SEARCH_USER_PATHS = NO;
				ARCHS = "$(ARCHS_STANDARD_INCLUDING_64_BIT)";
				CLANG_CXX_LANGUAGE_STANDARD = "gnu++0x";
				CLANG_CXX_LIBRARY = "libc++";
				CLANG_ENABLE_MODULES = YES;
				CLANG_ENABLE_OBJC_ARC = YES;
				CLANG_WARN_BOOL_CONVERSION = YES;
				CLANG_WARN_CONSTANT_CONVERSION = YES;
				CLANG_WARN_DIRECT_OBJC_ISA_USAGE = YES_ERROR;
				CLANG_WARN_EMPTY_BODY = YES;
				CLANG_WARN_ENUM_CONVERSION = YES;
				CLANG_WARN_INT_CONVERSION = YES;
				CLANG_WARN_OBJC_ROOT_CLASS = YES_ERROR;
				CLANG_WARN__DUPLICATE_METHOD_MATCH = YES;
				"CODE_SIGN_IDENTITY[sdk=iphoneos*]" = "iPhone Developer";
				COPY_PHASE_STRIP = YES;
				ENABLE_NS_ASSERTIONS = NO;
				GCC_C_LANGUAGE_STANDARD = gnu99;
				GCC_WARN_64_TO_32_BIT_CONVERSION = YES;
				GCC_WARN_ABOUT_RETURN_TYPE = YES_ERROR;
				GCC_WARN_UNDECLARED_SELECTOR = YES;
				GCC_WARN_UNINITIALIZED_AUTOS = YES;
				GCC_WARN_UNUSED_FUNCTION = YES;
				GCC_WARN_UNUSED_VARIABLE = YES;
				IPHONEOS_DEPLOYMENT_TARGET = 7.0;
				SDKROOT = iphoneos;
				VALIDATE_PRODUCT = YES;
			};
			name = Release;
		};
		84DB4376193D674D00B05025 /* Debug */ = {
			isa = XCBuildConfiguration;
			buildSettings = {
				ASSETCATALOG_COMPILER_APPICON_NAME = AppIcon;
				ASSETCATALOG_COMPILER_LAUNCHIMAGE_NAME = LaunchImage;
				GCC_PRECOMPILE_PREFIX_HEADER = YES;
				GCC_PREFIX_HEADER = "csi_las4/csi_las4-Prefix.pch";
				INFOPLIST_FILE = "csi_las4/csi_las4-Info.plist";
				PRODUCT_NAME = "$(TARGET_NAME)";
				WRAPPER_EXTENSION = app;
			};
			name = Debug;
		};
		84DB4377193D674D00B05025 /* Release */ = {
			isa = XCBuildConfiguration;
			buildSettings = {
				ASSETCATALOG_COMPILER_APPICON_NAME = AppIcon;
				ASSETCATALOG_COMPILER_LAUNCHIMAGE_NAME = LaunchImage;
				GCC_PRECOMPILE_PREFIX_HEADER = YES;
				GCC_PREFIX_HEADER = "csi_las4/csi_las4-Prefix.pch";
				INFOPLIST_FILE = "csi_las4/csi_las4-Info.plist";
				PRODUCT_NAME = "$(TARGET_NAME)";
				WRAPPER_EXTENSION = app;
			};
			name = Release;
		};
		84DB4379193D674D00B05025 /* Debug */ = {
			isa = XCBuildConfiguration;
			buildSettings = {
				ARCHS = "$(ARCHS_STANDARD_INCLUDING_64_BIT)";
				BUNDLE_LOADER = "$(BUILT_PRODUCTS_DIR)/csi_las4.app/csi_las4";
				FRAMEWORK_SEARCH_PATHS = (
					"$(SDKROOT)/Developer/Library/Frameworks",
					"$(inherited)",
					"$(DEVELOPER_FRAMEWORKS_DIR)",
				);
				GCC_PRECOMPILE_PREFIX_HEADER = YES;
				GCC_PREFIX_HEADER = "csi_las4/csi_las4-Prefix.pch";
				GCC_PREPROCESSOR_DEFINITIONS = (
					"DEBUG=1",
					"$(inherited)",
				);
				INFOPLIST_FILE = "csi_las4Tests/csi_las4Tests-Info.plist";
				PRODUCT_NAME = "$(TARGET_NAME)";
				TEST_HOST = "$(BUNDLE_LOADER)";
				WRAPPER_EXTENSION = xctest;
			};
			name = Debug;
		};
		84DB437A193D674D00B05025 /* Release */ = {
			isa = XCBuildConfiguration;
			buildSettings = {
				ARCHS = "$(ARCHS_STANDARD_INCLUDING_64_BIT)";
				BUNDLE_LOADER = "$(BUILT_PRODUCTS_DIR)/csi_las4.app/csi_las4";
				FRAMEWORK_SEARCH_PATHS = (
					"$(SDKROOT)/Developer/Library/Frameworks",
					"$(inherited)",
					"$(DEVELOPER_FRAMEWORKS_DIR)",
				);
				GCC_PRECOMPILE_PREFIX_HEADER = YES;
				GCC_PREFIX_HEADER = "csi_las4/csi_las4-Prefix.pch";
				INFOPLIST_FILE = "csi_las4Tests/csi_las4Tests-Info.plist";
				PRODUCT_NAME = "$(TARGET_NAME)";
				TEST_HOST = "$(BUNDLE_LOADER)";
				WRAPPER_EXTENSION = xctest;
			};
			name = Release;
		};
/* End XCBuildConfiguration section */

/* Begin XCConfigurationList section */
		84DB433E193D674D00B05025 /* Build configuration list for PBXProject "csi_las4" */ = {
			isa = XCConfigurationList;
			buildConfigurations = (
				84DB4373193D674D00B05025 /* Debug */,
				84DB4374193D674D00B05025 /* Release */,
			);
			defaultConfigurationIsVisible = 0;
			defaultConfigurationName = Release;
		};
		84DB4375193D674D00B05025 /* Build configuration list for PBXNativeTarget "csi_las4" */ = {
			isa = XCConfigurationList;
			buildConfigurations = (
				84DB4376193D674D00B05025 /* Debug */,
				84DB4377193D674D00B05025 /* Release */,
			);
			defaultConfigurationIsVisible = 0;
		};
		84DB4378193D674D00B05025 /* Build configuration list for PBXNativeTarget "csi_las4Tests" */ = {
			isa = XCConfigurationList;
			buildConfigurations = (
				84DB4379193D674D00B05025 /* Debug */,
				84DB437A193D674D00B05025 /* Release */,
			);
			defaultConfigurationIsVisible = 0;
		};
/* End XCConfigurationList section */
	};
	rootObject = 84DB433B193D674D00B05025 /* Project object */;
}
