// !$*UTF8*$!
{
	archiveVersion = 1;
	classes = {
	};
	objectVersion = 46;
	objects = {

/* Begin PBXBuildFile section */
		84D64630191C75E900874077 /* Foundation.framework in Frameworks */ = {isa = PBXBuildFile; fileRef = 84D6462F191C75E900874077 /* Foundation.framework */; };
		84D64632191C75E900874077 /* CoreGraphics.framework in Frameworks */ = {isa = PBXBuildFile; fileRef = 84D64631191C75E900874077 /* CoreGraphics.framework */; };
		84D64634191C75E900874077 /* UIKit.framework in Frameworks */ = {isa = PBXBuildFile; fileRef = 84D64633191C75E900874077 /* UIKit.framework */; };
		84D6463A191C75E900874077 /* InfoPlist.strings in Resources */ = {isa = PBXBuildFile; fileRef = 84D64638191C75E900874077 /* InfoPlist.strings */; };
		84D6463C191C75E900874077 /* main.m in Sources */ = {isa = PBXBuildFile; fileRef = 84D6463B191C75E900874077 /* main.m */; };
		84D64640191C75E900874077 /* AppDelegate.m in Sources */ = {isa = PBXBuildFile; fileRef = 84D6463F191C75E900874077 /* AppDelegate.m */; };
		84D64643191C75E900874077 /* Main.storyboard in Resources */ = {isa = PBXBuildFile; fileRef = 84D64641191C75E900874077 /* Main.storyboard */; };
		84D64646191C75E900874077 /* ViewController.m in Sources */ = {isa = PBXBuildFile; fileRef = 84D64645191C75E900874077 /* ViewController.m */; };
		84D64648191C75E900874077 /* Images.xcassets in Resources */ = {isa = PBXBuildFile; fileRef = 84D64647191C75E900874077 /* Images.xcassets */; };
		84D6464F191C75E900874077 /* XCTest.framework in Frameworks */ = {isa = PBXBuildFile; fileRef = 84D6464E191C75E900874077 /* XCTest.framework */; };
		84D64650191C75E900874077 /* Foundation.framework in Frameworks */ = {isa = PBXBuildFile; fileRef = 84D6462F191C75E900874077 /* Foundation.framework */; };
		84D64651191C75E900874077 /* UIKit.framework in Frameworks */ = {isa = PBXBuildFile; fileRef = 84D64633191C75E900874077 /* UIKit.framework */; };
		84D64659191C75E900874077 /* InfoPlist.strings in Resources */ = {isa = PBXBuildFile; fileRef = 84D64657191C75E900874077 /* InfoPlist.strings */; };
		84D6465B191C75E900874077 /* jSonTestTests.m in Sources */ = {isa = PBXBuildFile; fileRef = 84D6465A191C75E900874077 /* jSonTestTests.m */; };
/* End PBXBuildFile section */

/* Begin PBXContainerItemProxy section */
		84D64652191C75E900874077 /* PBXContainerItemProxy */ = {
			isa = PBXContainerItemProxy;
			containerPortal = 84D64624191C75E900874077 /* Project object */;
			proxyType = 1;
			remoteGlobalIDString = 84D6462B191C75E900874077;
			remoteInfo = jSonTest;
		};
/* End PBXContainerItemProxy section */

/* Begin PBXFileReference section */
		84D6462C191C75E900874077 /* jSonTest.app */ = {isa = PBXFileReference; explicitFileType = wrapper.application; includeInIndex = 0; path = jSonTest.app; sourceTree = BUILT_PRODUCTS_DIR; };
		84D6462F191C75E900874077 /* Foundation.framework */ = {isa = PBXFileReference; lastKnownFileType = wrapper.framework; name = Foundation.framework; path = System/Library/Frameworks/Foundation.framework; sourceTree = SDKROOT; };
		84D64631191C75E900874077 /* CoreGraphics.framework */ = {isa = PBXFileReference; lastKnownFileType = wrapper.framework; name = CoreGraphics.framework; path = System/Library/Frameworks/CoreGraphics.framework; sourceTree = SDKROOT; };
		84D64633191C75E900874077 /* UIKit.framework */ = {isa = PBXFileReference; lastKnownFileType = wrapper.framework; name = UIKit.framework; path = System/Library/Frameworks/UIKit.framework; sourceTree = SDKROOT; };
		84D64637191C75E900874077 /* jSonTest-Info.plist */ = {isa = PBXFileReference; lastKnownFileType = text.plist.xml; path = "jSonTest-Info.plist"; sourceTree = "<group>"; };
		84D64639191C75E900874077 /* en */ = {isa = PBXFileReference; lastKnownFileType = text.plist.strings; name = en; path = en.lproj/InfoPlist.strings; sourceTree = "<group>"; };
		84D6463B191C75E900874077 /* main.m */ = {isa = PBXFileReference; lastKnownFileType = sourcecode.c.objc; path = main.m; sourceTree = "<group>"; };
		84D6463D191C75E900874077 /* jSonTest-Prefix.pch */ = {isa = PBXFileReference; lastKnownFileType = sourcecode.c.h; path = "jSonTest-Prefix.pch"; sourceTree = "<group>"; };
		84D6463E191C75E900874077 /* AppDelegate.h */ = {isa = PBXFileReference; lastKnownFileType = sourcecode.c.h; path = AppDelegate.h; sourceTree = "<group>"; };
		84D6463F191C75E900874077 /* AppDelegate.m */ = {isa = PBXFileReference; lastKnownFileType = sourcecode.c.objc; path = AppDelegate.m; sourceTree = "<group>"; };
		84D64642191C75E900874077 /* Base */ = {isa = PBXFileReference; lastKnownFileType = file.storyboard; name = Base; path = Base.lproj/Main.storyboard; sourceTree = "<group>"; };
		84D64644191C75E900874077 /* ViewController.h */ = {isa = PBXFileReference; lastKnownFileType = sourcecode.c.h; path = ViewController.h; sourceTree = "<group>"; };
		84D64645191C75E900874077 /* ViewController.m */ = {isa = PBXFileReference; lastKnownFileType = sourcecode.c.objc; path = ViewController.m; sourceTree = "<group>"; };
		84D64647191C75E900874077 /* Images.xcassets */ = {isa = PBXFileReference; lastKnownFileType = folder.assetcatalog; path = Images.xcassets; sourceTree = "<group>"; };
		84D6464D191C75E900874077 /* jSonTestTests.xctest */ = {isa = PBXFileReference; explicitFileType = wrapper.cfbundle; includeInIndex = 0; path = jSonTestTests.xctest; sourceTree = BUILT_PRODUCTS_DIR; };
		84D6464E191C75E900874077 /* XCTest.framework */ = {isa = PBXFileReference; lastKnownFileType = wrapper.framework; name = XCTest.framework; path = Library/Frameworks/XCTest.framework; sourceTree = DEVELOPER_DIR; };
		84D64656191C75E900874077 /* jSonTestTests-Info.plist */ = {isa = PBXFileReference; lastKnownFileType = text.plist.xml; path = "jSonTestTests-Info.plist"; sourceTree = "<group>"; };
		84D64658191C75E900874077 /* en */ = {isa = PBXFileReference; lastKnownFileType = text.plist.strings; name = en; path = en.lproj/InfoPlist.strings; sourceTree = "<group>"; };
		84D6465A191C75E900874077 /* jSonTestTests.m */ = {isa = PBXFileReference; lastKnownFileType = sourcecode.c.objc; path = jSonTestTests.m; sourceTree = "<group>"; };
/* End PBXFileReference section */

/* Begin PBXFrameworksBuildPhase section */
		84D64629191C75E900874077 /* Frameworks */ = {
			isa = PBXFrameworksBuildPhase;
			buildActionMask = 2147483647;
			files = (
				84D64632191C75E900874077 /* CoreGraphics.framework in Frameworks */,
				84D64634191C75E900874077 /* UIKit.framework in Frameworks */,
				84D64630191C75E900874077 /* Foundation.framework in Frameworks */,
			);
			runOnlyForDeploymentPostprocessing = 0;
		};
		84D6464A191C75E900874077 /* Frameworks */ = {
			isa = PBXFrameworksBuildPhase;
			buildActionMask = 2147483647;
			files = (
				84D6464F191C75E900874077 /* XCTest.framework in Frameworks */,
				84D64651191C75E900874077 /* UIKit.framework in Frameworks */,
				84D64650191C75E900874077 /* Foundation.framework in Frameworks */,
			);
			runOnlyForDeploymentPostprocessing = 0;
		};
/* End PBXFrameworksBuildPhase section */

/* Begin PBXGroup section */
		84D64623191C75E900874077 = {
			isa = PBXGroup;
			children = (
				84D64635191C75E900874077 /* jSonTest */,
				84D64654191C75E900874077 /* jSonTestTests */,
				84D6462E191C75E900874077 /* Frameworks */,
			);
			sourceTree = "<group>";
		};
		84D6462D191C75E900874077 /* Products */ = {
			isa = PBXGroup;
			children = (
				84D6462C191C75E900874077 /* jSonTest.app */,
				84D6464D191C75E900874077 /* jSonTestTests.xctest */,
			);
			name = Products;
			path = ..;
			sourceTree = "<group>";
		};
		84D6462E191C75E900874077 /* Frameworks */ = {
			isa = PBXGroup;
			children = (
				84D6462F191C75E900874077 /* Foundation.framework */,
				84D64631191C75E900874077 /* CoreGraphics.framework */,
				84D64633191C75E900874077 /* UIKit.framework */,
				84D6464E191C75E900874077 /* XCTest.framework */,
			);
			name = Frameworks;
			sourceTree = "<group>";
		};
		84D64635191C75E900874077 /* jSonTest */ = {
			isa = PBXGroup;
			children = (
				84D6463E191C75E900874077 /* AppDelegate.h */,
				84D6463F191C75E900874077 /* AppDelegate.m */,
				84D64641191C75E900874077 /* Main.storyboard */,
				84D64644191C75E900874077 /* ViewController.h */,
				84D64645191C75E900874077 /* ViewController.m */,
				84D6462D191C75E900874077 /* Products */,
				84D64647191C75E900874077 /* Images.xcassets */,
				84D64636191C75E900874077 /* Supporting Files */,
			);
			path = jSonTest;
			sourceTree = "<group>";
		};
		84D64636191C75E900874077 /* Supporting Files */ = {
			isa = PBXGroup;
			children = (
				84D64637191C75E900874077 /* jSonTest-Info.plist */,
				84D64638191C75E900874077 /* InfoPlist.strings */,
				84D6463B191C75E900874077 /* main.m */,
				84D6463D191C75E900874077 /* jSonTest-Prefix.pch */,
			);
			name = "Supporting Files";
			sourceTree = "<group>";
		};
		84D64654191C75E900874077 /* jSonTestTests */ = {
			isa = PBXGroup;
			children = (
				84D6465A191C75E900874077 /* jSonTestTests.m */,
				84D64655191C75E900874077 /* Supporting Files */,
			);
			path = jSonTestTests;
			sourceTree = "<group>";
		};
		84D64655191C75E900874077 /* Supporting Files */ = {
			isa = PBXGroup;
			children = (
				84D64656191C75E900874077 /* jSonTestTests-Info.plist */,
				84D64657191C75E900874077 /* InfoPlist.strings */,
			);
			name = "Supporting Files";
			sourceTree = "<group>";
		};
/* End PBXGroup section */

/* Begin PBXNativeTarget section */
		84D6462B191C75E900874077 /* jSonTest */ = {
			isa = PBXNativeTarget;
			buildConfigurationList = 84D6465E191C75E900874077 /* Build configuration list for PBXNativeTarget "jSonTest" */;
			buildPhases = (
				84D64628191C75E900874077 /* Sources */,
				84D64629191C75E900874077 /* Frameworks */,
				84D6462A191C75E900874077 /* Resources */,
			);
			buildRules = (
			);
			dependencies = (
			);
			name = jSonTest;
			productName = jSonTest;
			productReference = 84D6462C191C75E900874077 /* jSonTest.app */;
			productType = "com.apple.product-type.application";
		};
		84D6464C191C75E900874077 /* jSonTestTests */ = {
			isa = PBXNativeTarget;
			buildConfigurationList = 84D64661191C75E900874077 /* Build configuration list for PBXNativeTarget "jSonTestTests" */;
			buildPhases = (
				84D64649191C75E900874077 /* Sources */,
				84D6464A191C75E900874077 /* Frameworks */,
				84D6464B191C75E900874077 /* Resources */,
			);
			buildRules = (
			);
			dependencies = (
				84D64653191C75E900874077 /* PBXTargetDependency */,
			);
			name = jSonTestTests;
			productName = jSonTestTests;
			productReference = 84D6464D191C75E900874077 /* jSonTestTests.xctest */;
			productType = "com.apple.product-type.bundle.unit-test";
		};
/* End PBXNativeTarget section */

/* Begin PBXProject section */
		84D64624191C75E900874077 /* Project object */ = {
			isa = PBXProject;
			attributes = {
				LastUpgradeCheck = 0500;
				ORGANIZATIONNAME = Admin;
				TargetAttributes = {
					84D6464C191C75E900874077 = {
						TestTargetID = 84D6462B191C75E900874077;
					};
				};
			};
			buildConfigurationList = 84D64627191C75E900874077 /* Build configuration list for PBXProject "jSonTest" */;
			compatibilityVersion = "Xcode 3.2";
			developmentRegion = English;
			hasScannedForEncodings = 0;
			knownRegions = (
				en,
				Base,
			);
			mainGroup = 84D64623191C75E900874077;
			productRefGroup = 84D6462D191C75E900874077 /* Products */;
			projectDirPath = "";
			projectRoot = "";
			targets = (
				84D6462B191C75E900874077 /* jSonTest */,
				84D6464C191C75E900874077 /* jSonTestTests */,
			);
		};
/* End PBXProject section */

/* Begin PBXResourcesBuildPhase section */
		84D6462A191C75E900874077 /* Resources */ = {
			isa = PBXResourcesBuildPhase;
			buildActionMask = 2147483647;
			files = (
				84D64648191C75E900874077 /* Images.xcassets in Resources */,
				84D6463A191C75E900874077 /* InfoPlist.strings in Resources */,
				84D64643191C75E900874077 /* Main.storyboard in Resources */,
			);
			runOnlyForDeploymentPostprocessing = 0;
		};
		84D6464B191C75E900874077 /* Resources */ = {
			isa = PBXResourcesBuildPhase;
			buildActionMask = 2147483647;
			files = (
				84D64659191C75E900874077 /* InfoPlist.strings in Resources */,
			);
			runOnlyForDeploymentPostprocessing = 0;
		};
/* End PBXResourcesBuildPhase section */

/* Begin PBXSourcesBuildPhase section */
		84D64628191C75E900874077 /* Sources */ = {
			isa = PBXSourcesBuildPhase;
			buildActionMask = 2147483647;
			files = (
				84D64646191C75E900874077 /* ViewController.m in Sources */,
				84D64640191C75E900874077 /* AppDelegate.m in Sources */,
				84D6463C191C75E900874077 /* main.m in Sources */,
			);
			runOnlyForDeploymentPostprocessing = 0;
		};
		84D64649191C75E900874077 /* Sources */ = {
			isa = PBXSourcesBuildPhase;
			buildActionMask = 2147483647;
			files = (
				84D6465B191C75E900874077 /* jSonTestTests.m in Sources */,
			);
			runOnlyForDeploymentPostprocessing = 0;
		};
/* End PBXSourcesBuildPhase section */

/* Begin PBXTargetDependency section */
		84D64653191C75E900874077 /* PBXTargetDependency */ = {
			isa = PBXTargetDependency;
			target = 84D6462B191C75E900874077 /* jSonTest */;
			targetProxy = 84D64652191C75E900874077 /* PBXContainerItemProxy */;
		};
/* End PBXTargetDependency section */

/* Begin PBXVariantGroup section */
		84D64638191C75E900874077 /* InfoPlist.strings */ = {
			isa = PBXVariantGroup;
			children = (
				84D64639191C75E900874077 /* en */,
			);
			name = InfoPlist.strings;
			sourceTree = "<group>";
		};
		84D64641191C75E900874077 /* Main.storyboard */ = {
			isa = PBXVariantGroup;
			children = (
				84D64642191C75E900874077 /* Base */,
			);
			name = Main.storyboard;
			sourceTree = "<group>";
		};
		84D64657191C75E900874077 /* InfoPlist.strings */ = {
			isa = PBXVariantGroup;
			children = (
				84D64658191C75E900874077 /* en */,
			);
			name = InfoPlist.strings;
			sourceTree = "<group>";
		};
/* End PBXVariantGroup section */

/* Begin XCBuildConfiguration section */
		84D6465C191C75E900874077 /* Debug */ = {
			isa = XCBuildConfiguration;
			buildSettings = {
				ALWAYS_SEARCH_USER_PATHS = NO;
				ARCHS = "$(ARCHS_STANDARD_INCLUDING_64_BIT)";
				CLANG_CXX_LANGUAGE_STANDARD = "gnu++0x";
				CLANG_CXX_LIBRARY = "libc++";
				CLANG_ENABLE_MODULES = YES;
				CLANG_ENABLE_OBJC_ARC = YES;
				CLANG_WARN_BOOL_CONVERSION = YES;
				CLANG_WARN_CONSTANT_CONVERSION = YES;
				CLANG_WARN_DIRECT_OBJC_ISA_USAGE = YES_ERROR;
				CLANG_WARN_EMPTY_BODY = YES;
				CLANG_WARN_ENUM_CONVERSION = YES;
				CLANG_WARN_INT_CONVERSION = YES;
				CLANG_WARN_OBJC_ROOT_CLASS = YES_ERROR;
				CLANG_WARN__DUPLICATE_METHOD_MATCH = YES;
				"CODE_SIGN_IDENTITY[sdk=iphoneos*]" = "iPhone Developer";
				COPY_PHASE_STRIP = NO;
				GCC_C_LANGUAGE_STANDARD = gnu99;
				GCC_DYNAMIC_NO_PIC = NO;
				GCC_OPTIMIZATION_LEVEL = 0;
				GCC_PREPROCESSOR_DEFINITIONS = (
					"DEBUG=1",
					"$(inherited)",
				);
				GCC_SYMBOLS_PRIVATE_EXTERN = NO;
				GCC_WARN_64_TO_32_BIT_CONVERSION = YES;
				GCC_WARN_ABOUT_RETURN_TYPE = YES_ERROR;
				GCC_WARN_UNDECLARED_SELECTOR = YES;
				GCC_WARN_UNINITIALIZED_AUTOS = YES;
				GCC_WARN_UNUSED_FUNCTION = YES;
				GCC_WARN_UNUSED_VARIABLE = YES;
				IPHONEOS_DEPLOYMENT_TARGET = 7.0;
				ONLY_ACTIVE_ARCH = YES;
				SDKROOT = iphoneos;
			};
			name = Debug;
		};
		84D6465D191C75E900874077 /* Release */ = {
			isa = XCBuildConfiguration;
			buildSettings = {
				ALWAYS_SEARCH_USER_PATHS = NO;
				ARCHS = "$(ARCHS_STANDARD_INCLUDING_64_BIT)";
				CLANG_CXX_LANGUAGE_STANDARD = "gnu++0x";
				CLANG_CXX_LIBRARY = "libc++";
				CLANG_ENABLE_MODULES = YES;
				CLANG_ENABLE_OBJC_ARC = YES;
				CLANG_WARN_BOOL_CONVERSION = YES;
				CLANG_WARN_CONSTANT_CONVERSION = YES;
				CLANG_WARN_DIRECT_OBJC_ISA_USAGE = YES_ERROR;
				CLANG_WARN_EMPTY_BODY = YES;
				CLANG_WARN_ENUM_CONVERSION = YES;
				CLANG_WARN_INT_CONVERSION = YES;
				CLANG_WARN_OBJC_ROOT_CLASS = YES_ERROR;
				CLANG_WARN__DUPLICATE_METHOD_MATCH = YES;
				"CODE_SIGN_IDENTITY[sdk=iphoneos*]" = "iPhone Developer";
				COPY_PHASE_STRIP = YES;
				ENABLE_NS_ASSERTIONS = NO;
				GCC_C_LANGUAGE_STANDARD = gnu99;
				GCC_WARN_64_TO_32_BIT_CONVERSION = YES;
				GCC_WARN_ABOUT_RETURN_TYPE = YES_ERROR;
				GCC_WARN_UNDECLARED_SELECTOR = YES;
				GCC_WARN_UNINITIALIZED_AUTOS = YES;
				GCC_WARN_UNUSED_FUNCTION = YES;
				GCC_WARN_UNUSED_VARIABLE = YES;
				IPHONEOS_DEPLOYMENT_TARGET = 7.0;
				SDKROOT = iphoneos;
				VALIDATE_PRODUCT = YES;
			};
			name = Release;
		};
		84D6465F191C75E900874077 /* Debug */ = {
			isa = XCBuildConfiguration;
			buildSettings = {
				ASSETCATALOG_COMPILER_APPICON_NAME = AppIcon;
				ASSETCATALOG_COMPILER_LAUNCHIMAGE_NAME = LaunchImage;
				GCC_PRECOMPILE_PREFIX_HEADER = YES;
				GCC_PREFIX_HEADER = "jSonTest/jSonTest-Prefix.pch";
				INFOPLIST_FILE = "jSonTest/jSonTest-Info.plist";
				PRODUCT_NAME = "$(TARGET_NAME)";
				WRAPPER_EXTENSION = app;
			};
			name = Debug;
		};
		84D64660191C75E900874077 /* Release */ = {
			isa = XCBuildConfiguration;
			buildSettings = {
				ASSETCATALOG_COMPILER_APPICON_NAME = AppIcon;
				ASSETCATALOG_COMPILER_LAUNCHIMAGE_NAME = LaunchImage;
				GCC_PRECOMPILE_PREFIX_HEADER = YES;
				GCC_PREFIX_HEADER = "jSonTest/jSonTest-Prefix.pch";
				INFOPLIST_FILE = "jSonTest/jSonTest-Info.plist";
				PRODUCT_NAME = "$(TARGET_NAME)";
				WRAPPER_EXTENSION = app;
			};
			name = Release;
		};
		84D64662191C75E900874077 /* Debug */ = {
			isa = XCBuildConfiguration;
			buildSettings = {
				ARCHS = "$(ARCHS_STANDARD_INCLUDING_64_BIT)";
				BUNDLE_LOADER = "$(BUILT_PRODUCTS_DIR)/jSonTest.app/jSonTest";
				FRAMEWORK_SEARCH_PATHS = (
					"$(SDKROOT)/Developer/Library/Frameworks",
					"$(inherited)",
					"$(DEVELOPER_FRAMEWORKS_DIR)",
				);
				GCC_PRECOMPILE_PREFIX_HEADER = YES;
				GCC_PREFIX_HEADER = "jSonTest/jSonTest-Prefix.pch";
				GCC_PREPROCESSOR_DEFINITIONS = (
					"DEBUG=1",
					"$(inherited)",
				);
				INFOPLIST_FILE = "jSonTestTests/jSonTestTests-Info.plist";
				PRODUCT_NAME = "$(TARGET_NAME)";
				TEST_HOST = "$(BUNDLE_LOADER)";
				WRAPPER_EXTENSION = xctest;
			};
			name = Debug;
		};
		84D64663191C75E900874077 /* Release */ = {
			isa = XCBuildConfiguration;
			buildSettings = {
				ARCHS = "$(ARCHS_STANDARD_INCLUDING_64_BIT)";
				BUNDLE_LOADER = "$(BUILT_PRODUCTS_DIR)/jSonTest.app/jSonTest";
				FRAMEWORK_SEARCH_PATHS = (
					"$(SDKROOT)/Developer/Library/Frameworks",
					"$(inherited)",
					"$(DEVELOPER_FRAMEWORKS_DIR)",
				);
				GCC_PRECOMPILE_PREFIX_HEADER = YES;
				GCC_PREFIX_HEADER = "jSonTest/jSonTest-Prefix.pch";
				INFOPLIST_FILE = "jSonTestTests/jSonTestTests-Info.plist";
				PRODUCT_NAME = "$(TARGET_NAME)";
				TEST_HOST = "$(BUNDLE_LOADER)";
				WRAPPER_EXTENSION = xctest;
			};
			name = Release;
		};
/* End XCBuildConfiguration section */

/* Begin XCConfigurationList section */
		84D64627191C75E900874077 /* Build configuration list for PBXProject "jSonTest" */ = {
			isa = XCConfigurationList;
			buildConfigurations = (
				84D6465C191C75E900874077 /* Debug */,
				84D6465D191C75E900874077 /* Release */,
			);
			defaultConfigurationIsVisible = 0;
			defaultConfigurationName = Release;
		};
		84D6465E191C75E900874077 /* Build configuration list for PBXNativeTarget "jSonTest" */ = {
			isa = XCConfigurationList;
			buildConfigurations = (
				84D6465F191C75E900874077 /* Debug */,
				84D64660191C75E900874077 /* Release */,
			);
			defaultConfigurationIsVisible = 0;
			defaultConfigurationName = Release;
		};
		84D64661191C75E900874077 /* Build configuration list for PBXNativeTarget "jSonTestTests" */ = {
			isa = XCConfigurationList;
			buildConfigurations = (
				84D64662191C75E900874077 /* Debug */,
				84D64663191C75E900874077 /* Release */,
			);
			defaultConfigurationIsVisible = 0;
			defaultConfigurationName = Release;
		};
/* End XCConfigurationList section */
	};
	rootObject = 84D64624191C75E900874077 /* Project object */;
}
